
Microsoft Visual Studio Solution File, Format Version 12.00
# Visual Studio Version 16
VisualStudioVersion = 25.0.1704.3
MinimumVisualStudioVersion = 10.0.40219.1
Project("{FAE04EC0-301F-11D3-BF4B-00C04F79EFBC}") = "Task_4A", "Task_4A\Task_4A.csproj", "{210E056A-4EBE-4F85-846F-BA96F5957142}"
EndProject
Project("{FAE04EC0-301F-11D3-BF4B-00C04F79EFBC}") = "Task_231A", "Task_231A\Task_231A.csproj", "{3EE9F901-8C33-4D75-ABDB-9525AF939796}"
EndProject
Project("{FAE04EC0-301F-11D3-BF4B-00C04F79EFBC}") = "Task_158A", "Task_158A\Task_158A.csproj", "{71D445EA-3779-4997-9C1E-BBE814E89CA9}"
EndProject
Project("{2150E333-8FDC-42A3-9474-1A3956D46DE8}") = "Solution Items", "Solution Items", "{364D87FE-5362-4B69-9D89-4505FD51178F}"
	ProjectSection(SolutionItems) = preProject
		.gitignore = .gitignore
		README.md = README.md
	EndProjectSection
EndProject
Project("{FAE04EC0-301F-11D3-BF4B-00C04F79EFBC}") = "Task_50A", "Task_50A\Task_50A.csproj", "{06ED1C4F-99F8-4643-802C-1703B8F93CF0}"
EndProject
Project("{FAE04EC0-301F-11D3-BF4B-00C04F79EFBC}") = "Task_282A", "Task_282A\Task_282A.csproj", "{AAC4A5A4-2FEA-4657-A3F5-9EAA1C83F995}"
EndProject
Project("{FAE04EC0-301F-11D3-BF4B-00C04F79EFBC}") = "Task_263A", "Task_263A\Task_263A.csproj", "{BFCF4971-CA3B-4F07-B7EE-E6EF2F4D415C}"
EndProject
Project("{FAE04EC0-301F-11D3-BF4B-00C04F79EFBC}") = "Task_112A", "Task_112A\Task_112A.csproj", "{9CCC92DA-5EE0-4DB2-B80F-43D0D4C342BD}"
EndProject
Project("{FAE04EC0-301F-11D3-BF4B-00C04F79EFBC}") = "Task_339A", "Task_339A\Task_339A.csproj", "{F0B72654-13EA-4221-BD53-CA4E83E59E2F}"
EndProject
Project("{FAE04EC0-301F-11D3-BF4B-00C04F79EFBC}") = "Task_281A", "Task_281A\Task_281A.csproj", "{274F9483-6346-4F39-864F-F0BDDADDB185}"
EndProject
Project("{FAE04EC0-301F-11D3-BF4B-00C04F79EFBC}") = "Task_118A", "Task_118A\Task_118A.csproj", "{08DC1EEE-9577-451F-ADD1-586F5C0C1CDC}"
EndProject
Project("{FAE04EC0-301F-11D3-BF4B-00C04F79EFBC}") = "Task_236A", "Task_236A\Task_236A.csproj", "{0CFA84E6-5FEB-476B-9F62-053B0130E408}"
EndProject
Project("{FAE04EC0-301F-11D3-BF4B-00C04F79EFBC}") = "Task_266A", "Task_266A\Task_266A.csproj", "{70EDE5DB-3747-4DD8-9405-5F72374DDDF4}"
EndProject
Project("{FAE04EC0-301F-11D3-BF4B-00C04F79EFBC}") = "Task_791A", "Task_791A\Task_791A.csproj", "{B4A2C50C-59DC-4EC1-B08C-09BD98CBAA0A}"
EndProject
Project("{FAE04EC0-301F-11D3-BF4B-00C04F79EFBC}") = "Task_546A", "Task_546A\Task_546A.csproj", "{BD81D4CE-0D0F-459B-B341-3AD8CEA1CA75}"
EndProject
Project("{FAE04EC0-301F-11D3-BF4B-00C04F79EFBC}") = "Task_617A", "Task_617A\Task_617A.csproj", "{B5D4794B-0B8D-436A-8183-F9BA03AFE322}"
EndProject
Project("{FAE04EC0-301F-11D3-BF4B-00C04F79EFBC}") = "Task_59A", "Task_59A\Task_59A.csproj", "{0E8C55A4-B184-4422-AFF6-6A6D08638BDC}"
EndProject
Project("{FAE04EC0-301F-11D3-BF4B-00C04F79EFBC}") = "Task_977A", "Task_977A\Task_977A.csproj", "{B4F4F600-EDFB-40FC-A369-2F887C16565E}"
EndProject
Project("{FAE04EC0-301F-11D3-BF4B-00C04F79EFBC}") = "Task_110A", "Task_110A\Task_110A.csproj", "{C102C1AD-7750-4A40-9E8C-852C7E0775C5}"
EndProject
Project("{FAE04EC0-301F-11D3-BF4B-00C04F79EFBC}") = "Task_734A", "Task_734A\Task_734A.csproj", "{45966AFC-A43D-4D52-BD7B-056CC4016C61}"
EndProject
Project("{FAE04EC0-301F-11D3-BF4B-00C04F79EFBC}") = "Task_116A", "Task_116A\Task_116A.csproj", "{BC22D933-A899-493F-A8CA-84D55CE6DDC9}"
EndProject
Project("{FAE04EC0-301F-11D3-BF4B-00C04F79EFBC}") = "Task_41A", "Task_41A\Task_41A.csproj", "{34282C1D-7D65-4584-AC52-115DA1B37400}"
EndProject
Project("{FAE04EC0-301F-11D3-BF4B-00C04F79EFBC}") = "Task_266B", "Task_266B\Task_266B.csproj", "{23596DF6-1B7C-4C0E-9628-B9823831AB4C}"
EndProject
Project("{FAE04EC0-301F-11D3-BF4B-00C04F79EFBC}") = "Task_58A", "Task_58A\Task_58A.csproj", "{9B7765BC-1CE4-4B93-8D6B-13D6BE513831}"
EndProject
Project("{FAE04EC0-301F-11D3-BF4B-00C04F79EFBC}") = "Task_677A", "Task_677A\Task_677A.csproj", "{2274A2B7-BA8F-480B-95D5-5B8561A44B6A}"
EndProject
Project("{FAE04EC0-301F-11D3-BF4B-00C04F79EFBC}") = "Task_271A", "Task_271A\Task_271A.csproj", "{A7B7A509-AA7B-4BC1-9989-40F860EA9592}"
EndProject
Project("{FAE04EC0-301F-11D3-BF4B-00C04F79EFBC}") = "Task_122A", "Task_122A\Task_122A.csproj", "{4EC4F06E-ACA4-41DA-86F8-4B8E8B9A9EC9}"
EndProject
Project("{FAE04EC0-301F-11D3-BF4B-00C04F79EFBC}") = "Task_160A", "Task_160A\Task_160A.csproj", "{401EA903-DC9F-494C-A5B1-EA1D770C9452}"
EndProject
Project("{FAE04EC0-301F-11D3-BF4B-00C04F79EFBC}") = "Task_1030A", "Task_1030A\Task_1030A.csproj", "{FFCE0EAB-BD54-413D-A4EF-A19C29380A26}"
EndProject
Project("{FAE04EC0-301F-11D3-BF4B-00C04F79EFBC}") = "Task_467A", "Task_467A\Task_467A.csproj", "{5ADF0E01-EF4A-4EFB-B5E6-B25AFAC362AE}"
EndProject
Project("{FAE04EC0-301F-11D3-BF4B-00C04F79EFBC}") = "Task_136A", "Task_136A\Task_136A.csproj", "{E4858F6E-8317-44B2-AC14-4CB1AC09F4EA}"
EndProject
Project("{FAE04EC0-301F-11D3-BF4B-00C04F79EFBC}") = "Task_344A", "Task_344A\Task_344A.csproj", "{FBB91487-B700-493F-B26D-36B1CA13B26C}"
EndProject
Project("{FAE04EC0-301F-11D3-BF4B-00C04F79EFBC}") = "Task_486A", "Task_486A\Task_486A.csproj", "{35F009B4-38A7-4DF1-A2D3-3BAE594585B2}"
EndProject
Project("{FAE04EC0-301F-11D3-BF4B-00C04F79EFBC}") = "Task_200B", "Task_200B\Task_200B.csproj", "{44A73C6C-194B-46CB-A0AB-D2B0CC214160}"
EndProject
Project("{FAE04EC0-301F-11D3-BF4B-00C04F79EFBC}") = "Task_318A", "Task_318A\Task_318A.csproj", "{0F34DAE7-E888-4D59-BC0F-0EE88EC361F1}"
EndProject
Project("{FAE04EC0-301F-11D3-BF4B-00C04F79EFBC}") = "Task_133A", "Task_133A\Task_133A.csproj", "{D92259D0-791D-49B1-B50F-1E63FC403306}"
EndProject
Project("{FAE04EC0-301F-11D3-BF4B-00C04F79EFBC}") = "Task_61A", "Task_61A\Task_61A.csproj", "{53CF54B6-552C-4511-A3DC-4B5321D22E70}"
EndProject
Project("{FAE04EC0-301F-11D3-BF4B-00C04F79EFBC}") = "Task_705A", "Task_705A\Task_705A.csproj", "{1D1623DD-A2B0-4B55-8CCC-0CBF040E1829}"
EndProject
Project("{FAE04EC0-301F-11D3-BF4B-00C04F79EFBC}") = "Task_228A", "Task_228A\Task_228A.csproj", "{643C1848-FC55-4CE2-BF89-281A227B9F66}"
EndProject
Project("{FAE04EC0-301F-11D3-BF4B-00C04F79EFBC}") = "Task_405A", "Task_405A\Task_405A.csproj", "{ED986CCC-88EA-4D92-AF6E-2C7B924EB3FD}"
EndProject
Project("{FAE04EC0-301F-11D3-BF4B-00C04F79EFBC}") = "Task_469A", "Task_469A\Task_469A.csproj", "{87BEB855-689D-4E10-977E-B48915421575}"
EndProject
Project("{FAE04EC0-301F-11D3-BF4B-00C04F79EFBC}") = "Task_479A", "Task_479A\Task_479A.csproj", "{C964D0EC-2A62-4D58-8996-B870BD09C20B}"
EndProject
Project("{FAE04EC0-301F-11D3-BF4B-00C04F79EFBC}") = "Task_144A", "Task_144A\Task_144A.csproj", "{87DA489E-0727-41C2-92CE-10F5375C8EF8}"
EndProject
Project("{FAE04EC0-301F-11D3-BF4B-00C04F79EFBC}") = "Task_1328A", "Task_1328A\Task_1328A.csproj", "{2E242FEB-A139-4DFA-B7F6-808FFA94B711}"
EndProject
Project("{FAE04EC0-301F-11D3-BF4B-00C04F79EFBC}") = "Task_148A", "Task_148A\Task_148A.csproj", "{EC355629-EE69-42BC-BE5D-E7BE024996E4}"
EndProject
Project("{FAE04EC0-301F-11D3-BF4B-00C04F79EFBC}") = "Task_580A", "Task_580A\Task_580A.csproj", "{096D7F3E-E91A-4751-BA5D-96C36141D4DC}"
EndProject
Project("{FAE04EC0-301F-11D3-BF4B-00C04F79EFBC}") = "Task_158B", "Task_158B\Task_158B.csproj", "{6BD64562-637D-43CD-82C9-215E81AD7ABB}"
EndProject
Project("{FAE04EC0-301F-11D3-BF4B-00C04F79EFBC}") = "Task_208A", "Task_208A\Task_208A.csproj", "{29BEDF17-D11D-4BC4-8B4D-D323A06EC754}"
EndProject
Project("{FAE04EC0-301F-11D3-BF4B-00C04F79EFBC}") = "Task_131A", "Task_131A\Task_131A.csproj", "{7F5CE3E7-975C-4AC8-AC27-A2662876D833}"
EndProject
Project("{FAE04EC0-301F-11D3-BF4B-00C04F79EFBC}") = "Task_520A", "Task_520A\Task_520A.csproj", "{51EADB1B-4A08-4440-AB76-F400DF098008}"
EndProject
Project("{FAE04EC0-301F-11D3-BF4B-00C04F79EFBC}") = "Task_443A", "Task_443A\Task_443A.csproj", "{9CD1095C-F069-4D50-B60D-518E15900D6C}"
EndProject
Project("{FAE04EC0-301F-11D3-BF4B-00C04F79EFBC}") = "Task_268A", "Task_268A\Task_268A.csproj", "{28545839-62B8-4527-AD83-E1750DF535B4}"
EndProject
Project("{FAE04EC0-301F-11D3-BF4B-00C04F79EFBC}") = "Task_25A", "Task_25A\Task_25A.csproj", "{1E043759-0B9E-4C1A-A16A-6B2455F53507}"
EndProject
Project("{FAE04EC0-301F-11D3-BF4B-00C04F79EFBC}") = "Task_996A", "Task_996A\Task_996A.csproj", "{76D584A1-B8E4-4862-8029-051CBDF0AE81}"
EndProject
Project("{FAE04EC0-301F-11D3-BF4B-00C04F79EFBC}") = "Task_785A", "Task_785A\Task_785A.csproj", "{18A155F3-859E-46C6-B9F0-B6D143E14696}"
EndProject
Project("{FAE04EC0-301F-11D3-BF4B-00C04F79EFBC}") = "Task_337A", "Task_337A\Task_337A.csproj", "{4DD3FB66-6353-4F97-A34E-2E4502EE15B4}"
EndProject
Project("{FAE04EC0-301F-11D3-BF4B-00C04F79EFBC}") = "Task_141A", "Task_141A\Task_141A.csproj", "{DEC08C8A-7634-49AB-8C1A-599E1306D595}"
EndProject
Project("{FAE04EC0-301F-11D3-BF4B-00C04F79EFBC}") = "Task_1335A", "Task_1335A\Task_1335A.csproj", "{1D7067ED-4D9E-4ACE-9F4D-273C728B2961}"
EndProject
Project("{FAE04EC0-301F-11D3-BF4B-00C04F79EFBC}") = "Task_510A", "Task_510A\Task_510A.csproj", "{95493914-F5CA-4183-A1C3-41B1237ACCD5}"
EndProject
Project("{FAE04EC0-301F-11D3-BF4B-00C04F79EFBC}") = "Task_492B", "Task_492B\Task_492B.csproj", "{966CC26E-316E-45D7-BBEB-8B6DA37C03AF}"
EndProject
Project("{FAE04EC0-301F-11D3-BF4B-00C04F79EFBC}") = "Task_230A", "Task_230A\Task_230A.csproj", "{C5BEC7DD-D568-4489-835C-4BAF25E01CF4}"
EndProject
Project("{FAE04EC0-301F-11D3-BF4B-00C04F79EFBC}") = "Task_155A", "Task_155A\Task_155A.csproj", "{CFDC9C90-5BDA-4E92-AACC-7701DCEB47B7}"
EndProject
Project("{FAE04EC0-301F-11D3-BF4B-00C04F79EFBC}") = "Task_1778A", "Task_1778A\Task_1778A.csproj", "{96B22CB7-9DD7-4437-B104-DE4D4BA33969}"
EndProject
Project("{FAE04EC0-301F-11D3-BF4B-00C04F79EFBC}") = "Task_1778C", "Task_1778C\Task_1778C.csproj", "{E3A49423-7B41-4124-8A60-5AEDF043F998}"
EndProject
Project("{2150E333-8FDC-42A3-9474-1A3956D46DE8}") = "Unresolved", "Unresolved", "{447FDE9A-6AA3-4984-A801-72B07CED2B9F}"
EndProject
Project("{FAE04EC0-301F-11D3-BF4B-00C04F79EFBC}") = "Task_427A", "Task_427A\Task_427A.csproj", "{670B3D2E-8165-495D-ABB1-811DFEB4058D}"
EndProject
Project("{FAE04EC0-301F-11D3-BF4B-00C04F79EFBC}") = "Task_339B", "Task_339B\Task_339B.csproj", "{87CC9124-D2E8-4712-AD53-38E9EACC71AD}"
EndProject
Project("{FAE04EC0-301F-11D3-BF4B-00C04F79EFBC}") = "Task_750A", "Task_750A\Task_750A.csproj", "{835F3EAF-D8B7-4A06-8EDD-7A755AF9E9E1}"
EndProject
Project("{FAE04EC0-301F-11D3-BF4B-00C04F79EFBC}") = "Task_1791A", "Task_1791A\Task_1791A.csproj", "{F6A1D4E3-0808-4C03-BDBE-3CA0A274CD48}"
EndProject
Project("{FAE04EC0-301F-11D3-BF4B-00C04F79EFBC}") = "Task_1791B", "Task_1791B\Task_1791B.csproj", "{FDB5B142-6864-4AA1-80AE-F18E8895D6FD}"
EndProject
Project("{FAE04EC0-301F-11D3-BF4B-00C04F79EFBC}") = "Task_1791C", "Task_1791C\Task_1791C.csproj", "{F34DBB0B-4FF6-4358-AA69-687C8B2BAA04}"
EndProject
Project("{FAE04EC0-301F-11D3-BF4B-00C04F79EFBC}") = "Task_1791D", "Task_1791D\Task_1791D.csproj", "{FA329CCC-183C-4546-8099-09A027535716}"
EndProject
Project("{FAE04EC0-301F-11D3-BF4B-00C04F79EFBC}") = "Task_1791G1", "Task_1791G1\Task_1791G1.csproj", "{821C4042-70ED-4561-8382-0ACD22BA42E3}"
EndProject
Project("{FAE04EC0-301F-11D3-BF4B-00C04F79EFBC}") = "Task_1791G2", "Task_1791G2\Task_1791G2.csproj", "{102C61B0-AFF3-438C-9961-C10448AD7E36}"
EndProject
Project("{FAE04EC0-301F-11D3-BF4B-00C04F79EFBC}") = "Task_581A", "Task_581A\Task_581A.csproj", "{4E666C41-B41A-448F-B71D-219E5635FA90}"
EndProject
Project("{FAE04EC0-301F-11D3-BF4B-00C04F79EFBC}") = "Task_1352A", "Task_1352A\Task_1352A.csproj", "{6145BDBC-C4C5-4CDA-B47E-8917C23551B5}"
EndProject
Project("{FAE04EC0-301F-11D3-BF4B-00C04F79EFBC}") = "Task_732A", "Task_732A\Task_732A.csproj", "{5B9D81A0-C3FF-4241-AE3C-2D4AFACA45A1}"
EndProject
Project("{FAE04EC0-301F-11D3-BF4B-00C04F79EFBC}") = "Task_451A", "Task_451A\Task_451A.csproj", "{49E58E29-89B9-4CCD-8595-FC86D7FB89F1}"
EndProject
Project("{FAE04EC0-301F-11D3-BF4B-00C04F79EFBC}") = "Task_723A", "Task_723A\Task_723A.csproj", "{3198D8AA-CBF5-44B7-94B9-EC4B02FA7C80}"
EndProject
Project("{FAE04EC0-301F-11D3-BF4B-00C04F79EFBC}") = "Task_1154A", "Task_1154A\Task_1154A.csproj", "{F8DCC5A3-DE50-4B90-9C22-EB46A91C9958}"
EndProject
Project("{FAE04EC0-301F-11D3-BF4B-00C04F79EFBC}") = "Task_1409A", "Task_1409A\Task_1409A.csproj", "{BFCE551D-7FFF-4496-9D78-0B585D238ADD}"
EndProject
Project("{FAE04EC0-301F-11D3-BF4B-00C04F79EFBC}") = "Task_230B", "Task_230B\Task_230B.csproj", "{64E39B9B-F5A2-4885-A750-1D67652A9E9C}"
EndProject
Project("{FAE04EC0-301F-11D3-BF4B-00C04F79EFBC}") = "Task_189A", "Task_189A\Task_189A.csproj", "{4AF47361-333E-4B97-ADCF-B121A48C4A9B}"
EndProject
Project("{FAE04EC0-301F-11D3-BF4B-00C04F79EFBC}") = "Task_1399A", "Task_1399A\Task_1399A.csproj", "{60AD4E08-A5E9-497F-8A68-AD7E3DE80297}"
EndProject
Project("{FAE04EC0-301F-11D3-BF4B-00C04F79EFBC}") = "Task_151A", "Task_151A\Task_151A.csproj", "{9F70CA73-9572-4ED2-BE87-B17BB93E75DA}"
EndProject
Project("{FAE04EC0-301F-11D3-BF4B-00C04F79EFBC}") = "Task_466A", "Task_466A\Task_466A.csproj", "{0F407597-DA3E-4D1D-A192-D9255BA2BF35}"
EndProject
Project("{FAE04EC0-301F-11D3-BF4B-00C04F79EFBC}") = "Task_472A", "Task_472A\Task_472A.csproj", "{546864AD-D30C-4C96-886A-551B7412F09C}"
EndProject
Project("{FAE04EC0-301F-11D3-BF4B-00C04F79EFBC}") = "Task_432A", "Task_432A\Task_432A.csproj", "{F150D6DA-654C-4363-825E-4BB347847DB8}"
EndProject
Project("{FAE04EC0-301F-11D3-BF4B-00C04F79EFBC}") = "Task_1367A", "Task_1367A\Task_1367A.csproj", "{E113D539-9198-489C-A28E-FEFCFFA331FE}"
EndProject
Project("{FAE04EC0-301F-11D3-BF4B-00C04F79EFBC}") = "Task_758A", "Task_758A\Task_758A.csproj", "{5AFBB513-690E-4942-AD82-72DD38BD3F51}"
EndProject
Project("{FAE04EC0-301F-11D3-BF4B-00C04F79EFBC}") = "Task_1512A", "Task_1512A\Task_1512A.csproj", "{B0A234C3-1917-4A4D-93B4-A76A8A90876B}"
EndProject
Project("{FAE04EC0-301F-11D3-BF4B-00C04F79EFBC}") = "Task_490A", "Task_490A\Task_490A.csproj", "{7707529B-1408-4BC0-A097-2063194BB922}"
EndProject
Project("{FAE04EC0-301F-11D3-BF4B-00C04F79EFBC}") = "Task_1343B", "Task_1343B\Task_1343B.csproj", "{8978A9F4-E1A8-4E97-A3CA-5CE74DAB5E4C}"
EndProject
Project("{FAE04EC0-301F-11D3-BF4B-00C04F79EFBC}") = "Task_455A", "Task_455A\Task_455A.csproj", "{CDA3F435-1C47-4918-B9B6-09187C162820}"
EndProject
Project("{FAE04EC0-301F-11D3-BF4B-00C04F79EFBC}") = "Task_456C", "Task_456C\Task_456C.csproj", "{296F2C4C-5C91-4D6C-86BF-A87792CD07A4}"
EndProject
Project("{FAE04EC0-301F-11D3-BF4B-00C04F79EFBC}") = "Task_381A", "Task_381A\Task_381A.csproj", "{FBBCECD7-E18E-4870-B2F0-05D328A4445A}"
EndProject
Project("{FAE04EC0-301F-11D3-BF4B-00C04F79EFBC}") = "Task_706B", "Task_706B\Task_706B.csproj", "{D04564C4-F218-41F3-8869-702E5886983A}"
EndProject
Project("{FAE04EC0-301F-11D3-BF4B-00C04F79EFBC}") = "Task_313A", "Task_313A\Task_313A.csproj", "{FA9C19FE-88B0-40A1-87C8-8354521E6AF8}"
EndProject
Project("{FAE04EC0-301F-11D3-BF4B-00C04F79EFBC}") = "Task_1560A", "Task_1560A\Task_1560A.csproj", "{113FDAD6-031A-4844-909C-24F04F46B4FD}"
EndProject
Project("{FAE04EC0-301F-11D3-BF4B-00C04F79EFBC}") = "Task_579A", "Task_579A\Task_579A.csproj", "{B9760FF1-C256-49BD-A7D2-B7BF421F26EF}"
EndProject
Project("{FAE04EC0-301F-11D3-BF4B-00C04F79EFBC}") = "Task_630A", "Task_630A\Task_630A.csproj", "{5255727F-0E2C-4A30-9578-5FEA2639391B}"
EndProject
Project("{FAE04EC0-301F-11D3-BF4B-00C04F79EFBC}") = "Task_703A", "Task_703A\Task_703A.csproj", "{20D3FF07-87A4-4CF8-AE7F-F198FA567998}"
EndProject
Project("{FAE04EC0-301F-11D3-BF4B-00C04F79EFBC}") = "Task_1374A", "Task_1374A\Task_1374A.csproj", "{68C136A2-4785-4A65-BBF2-D268A98499B3}"
EndProject
Project("{FAE04EC0-301F-11D3-BF4B-00C04F79EFBC}") = "Task_1367B", "Task_1367B\Task_1367B.csproj", "{BFF09279-F49F-445B-A4C8-F74C3D3AC566}"
EndProject
Project("{FAE04EC0-301F-11D3-BF4B-00C04F79EFBC}") = "Task_500A", "Task_500A\Task_500A.csproj", "{5D6FCBAF-F4B7-4C34-9AB8-B3463BBF7459}"
EndProject
Project("{FAE04EC0-301F-11D3-BF4B-00C04F79EFBC}") = "Task_1475A", "Task_1475A\Task_1475A.csproj", "{1E719264-9481-4CC5-AE08-3FEAA34807E7}"
EndProject
Project("{2150E333-8FDC-42A3-9474-1A3956D46DE8}") = "0001-0100", "0001-0100", "{0E41DAA2-4414-4130-A0A6-6D5E22E0F9C3}"
EndProject
Project("{2150E333-8FDC-42A3-9474-1A3956D46DE8}") = "0101-0200", "0101-0200", "{85E58CBF-580D-4F4E-86D6-A705A09338AE}"
EndProject
Project("{2150E333-8FDC-42A3-9474-1A3956D46DE8}") = "0201-0300", "0201-0300", "{52DC8B05-5B67-4DEA-BA2B-DAC06ED09D2E}"
EndProject
Project("{2150E333-8FDC-42A3-9474-1A3956D46DE8}") = "0301-0400", "0301-0400", "{54CDC8A7-EB91-4527-A0DA-20F3EA52B3B7}"
EndProject
Project("{2150E333-8FDC-42A3-9474-1A3956D46DE8}") = "0401-0500", "0401-0500", "{6F5291A9-C5B0-402B-B3B6-C905A4CC2E58}"
EndProject
Project("{2150E333-8FDC-42A3-9474-1A3956D46DE8}") = "0501-0600", "0501-0600", "{246CAF55-5662-43D7-A6A4-0F3D1D25FD70}"
EndProject
Project("{2150E333-8FDC-42A3-9474-1A3956D46DE8}") = "0601-0700", "0601-0700", "{DCC5E42B-E1BA-4434-93F8-C31842B455AA}"
EndProject
Project("{2150E333-8FDC-42A3-9474-1A3956D46DE8}") = "0701-0800", "0701-0800", "{4C6987A6-7847-4CE3-BD6B-5F1AC1B8E798}"
EndProject
Project("{2150E333-8FDC-42A3-9474-1A3956D46DE8}") = "0801-0900", "0801-0900", "{BE43BAF3-5772-403E-A29A-14BA858951EA}"
EndProject
Project("{2150E333-8FDC-42A3-9474-1A3956D46DE8}") = "0901-1000", "0901-1000", "{3E7A925E-4AE7-47D8-A138-10E66328D9E3}"
EndProject
Project("{2150E333-8FDC-42A3-9474-1A3956D46DE8}") = "1001-1100", "1001-1100", "{C4C22386-4CEF-469B-93FD-2D454558EADC}"
EndProject
Project("{2150E333-8FDC-42A3-9474-1A3956D46DE8}") = "1101-1200", "1101-1200", "{5992851B-748F-4F47-8D8E-4C2662E998FB}"
EndProject
Project("{2150E333-8FDC-42A3-9474-1A3956D46DE8}") = "1201-1300", "1201-1300", "{09301044-60CB-4F78-BD19-84FDA178F99B}"
EndProject
Project("{2150E333-8FDC-42A3-9474-1A3956D46DE8}") = "1301-1400", "1301-1400", "{B16A40E3-6B66-4CA5-840E-ABEBE071A550}"
EndProject
Project("{2150E333-8FDC-42A3-9474-1A3956D46DE8}") = "1401-1500", "1401-1500", "{56C7F646-940C-4951-85CA-9191FC3DAA47}"
EndProject
Project("{2150E333-8FDC-42A3-9474-1A3956D46DE8}") = "1501-1600", "1501-1600", "{5A5283BC-626B-43B1-BA5E-9A358C7955B2}"
EndProject
Project("{2150E333-8FDC-42A3-9474-1A3956D46DE8}") = "1601-1700", "1601-1700", "{F22307C6-8C52-48AD-B0FA-F43245F95510}"
EndProject
Project("{2150E333-8FDC-42A3-9474-1A3956D46DE8}") = "1701-1800", "1701-1800", "{E5595BFA-0A7A-493B-A85C-977A7ABF8E80}"
EndProject
Project("{2150E333-8FDC-42A3-9474-1A3956D46DE8}") = "1801-1900", "1801-1900", "{29D9596A-FDC8-4A1C-B855-BCBC6D434C7E}"
EndProject
Project("{FAE04EC0-301F-11D3-BF4B-00C04F79EFBC}") = "Task_1520A", "Task_1520A\Task_1520A.csproj", "{53D2D52A-FA83-41B9-A652-8A53B7C2903D}"
EndProject
Project("{FAE04EC0-301F-11D3-BF4B-00C04F79EFBC}") = "Task_1624A", "Task_1624A\Task_1624A.csproj", "{F096FED2-CFC1-4C49-B257-7A866352AD6F}"
EndProject
Project("{FAE04EC0-301F-11D3-BF4B-00C04F79EFBC}") = "Task_1353B", "Task_1353B\Task_1353B.csproj", "{C7FFF928-D309-4258-AEE0-C2F31F25A59F}"
EndProject
Project("{FAE04EC0-301F-11D3-BF4B-00C04F79EFBC}") = "Task_1360A", "Task_1360A\Task_1360A.csproj", "{C3F1F404-4348-4CC2-A7E7-0D5BD762E585}"
EndProject
Project("{FAE04EC0-301F-11D3-BF4B-00C04F79EFBC}") = "Task_1433A", "Task_1433A\Task_1433A.csproj", "{EE0D99D8-8F7D-4E38-BA9C-9E85C91E10BD}"
EndProject
Project("{FAE04EC0-301F-11D3-BF4B-00C04F79EFBC}") = "Task_1692A", "Task_1692A\Task_1692A.csproj", "{292489F5-F59B-44C6-95AF-9593BCA0D74B}"
EndProject
Project("{FAE04EC0-301F-11D3-BF4B-00C04F79EFBC}") = "Task_1703A", "Task_1703A\Task_1703A.csproj", "{618C4482-C7DF-441C-89CE-2E274C5966F1}"
EndProject
Project("{FAE04EC0-301F-11D3-BF4B-00C04F79EFBC}") = "Task_431A", "Task_431A\Task_431A.csproj", "{77006E5A-0427-494A-80E2-5FFA0A9BC7F8}"
EndProject
Project("{FAE04EC0-301F-11D3-BF4B-00C04F79EFBC}") = "Task_1343A", "Task_1343A\Task_1343A.csproj", "{C943DEEB-2F64-4D2D-8473-CCB26ADBF2A1}"
EndProject
Project("{FAE04EC0-301F-11D3-BF4B-00C04F79EFBC}") = "Task_1370A", "Task_1370A\Task_1370A.csproj", "{4C97042C-BBCE-4A8E-B429-2C4F0DB066EB}"
EndProject
Project("{FAE04EC0-301F-11D3-BF4B-00C04F79EFBC}") = "Task_1676A", "Task_1676A\Task_1676A.csproj", "{1E5AA0F0-26FA-464B-9732-0B2689CC1721}"
EndProject
Project("{FAE04EC0-301F-11D3-BF4B-00C04F79EFBC}") = "Task_1742A", "Task_1742A\Task_1742A.csproj", "{8B87A027-B06E-4D4A-87AA-6E0A22D775DE}"
EndProject
Project("{FAE04EC0-301F-11D3-BF4B-00C04F79EFBC}") = "Task_43A", "Task_43A\Task_43A.csproj", "{61996FFB-E3DD-46EC-BA6A-6D091B9D9E84}"
EndProject
Project("{FAE04EC0-301F-11D3-BF4B-00C04F79EFBC}") = "Task_1360B", "Task_1360B\Task_1360B.csproj", "{0A19378F-AC77-4251-A236-B6461E989354}"
EndProject
Project("{FAE04EC0-301F-11D3-BF4B-00C04F79EFBC}") = "Task_1472B", "Task_1472B\Task_1472B.csproj", "{425EF5EC-0C42-4BAB-A2ED-99A50D7AF456}"
EndProject
Project("{FAE04EC0-301F-11D3-BF4B-00C04F79EFBC}") = "Task_1551A", "Task_1551A\Task_1551A.csproj", "{6D7B8E34-3642-48BE-9035-06FEA259B1A6}"
EndProject
Project("{FAE04EC0-301F-11D3-BF4B-00C04F79EFBC}") = "Task_1669A", "Task_1669A\Task_1669A.csproj", "{59767F8E-32DE-47D2-9A08-5CD9DD3300CC}"
EndProject
Project("{FAE04EC0-301F-11D3-BF4B-00C04F79EFBC}") = "Task_749A", "Task_749A\Task_749A.csproj", "{D2F0861F-8BDF-4B2C-872A-8DECEABFC9FB}"
EndProject
Project("{FAE04EC0-301F-11D3-BF4B-00C04F79EFBC}") = "Task_489C", "Task_489C\Task_489C.csproj", "{7D9A2AEE-1DD2-48A1-A33D-B86DE7CF4B10}"
EndProject
Project("{FAE04EC0-301F-11D3-BF4B-00C04F79EFBC}") = "Task_363B", "Task_363B\Task_363B.csproj", "{097EDA0E-3B8A-4FD8-911F-BD57D5478ADC}"
EndProject
Project("{FAE04EC0-301F-11D3-BF4B-00C04F79EFBC}") = "Task_460A", "Task_460A\Task_460A.csproj", "{B63B28A7-76FA-409C-A03B-F66CF2DF93AB}"
EndProject
Project("{FAE04EC0-301F-11D3-BF4B-00C04F79EFBC}") = "Task_520B", "Task_520B\Task_520B.csproj", "{1B439151-61C4-4056-B13A-6F4ED39EC211}"
EndProject
Project("{FAE04EC0-301F-11D3-BF4B-00C04F79EFBC}") = "Task_489B", "Task_489B\Task_489B.csproj", "{C158D17D-CAC0-4491-9AE7-3971D78B2D9D}"
EndProject
Project("{FAE04EC0-301F-11D3-BF4B-00C04F79EFBC}") = "Task_379A", "Task_379A\Task_379A.csproj", "{EE4419E1-3B9B-4CD9-81EE-AF7B9F201896}"
EndProject
Project("{FAE04EC0-301F-11D3-BF4B-00C04F79EFBC}") = "Task_1399B", "Task_1399B\Task_1399B.csproj", "{000C2A41-A68F-4147-8CD3-4CD568E43D98}"
EndProject
Project("{FAE04EC0-301F-11D3-BF4B-00C04F79EFBC}") = "Task_1475B", "Task_1475B\Task_1475B.csproj", "{D3F32F34-D808-4834-91F1-860A36C4D3B8}"
EndProject
Project("{FAE04EC0-301F-11D3-BF4B-00C04F79EFBC}") = "Task_1374B", "Task_1374B\Task_1374B.csproj", "{B668CD62-4022-4C31-8DBA-D14E1DBFE7E6}"
EndProject
Global
	GlobalSection(SolutionConfigurationPlatforms) = preSolution
		Debug|Any CPU = Debug|Any CPU
		Release|Any CPU = Release|Any CPU
	EndGlobalSection
	GlobalSection(ProjectConfigurationPlatforms) = postSolution
		{210E056A-4EBE-4F85-846F-BA96F5957142}.Debug|Any CPU.ActiveCfg = Debug|Any CPU
		{210E056A-4EBE-4F85-846F-BA96F5957142}.Debug|Any CPU.Build.0 = Debug|Any CPU
		{210E056A-4EBE-4F85-846F-BA96F5957142}.Release|Any CPU.ActiveCfg = Release|Any CPU
		{210E056A-4EBE-4F85-846F-BA96F5957142}.Release|Any CPU.Build.0 = Release|Any CPU
		{3EE9F901-8C33-4D75-ABDB-9525AF939796}.Debug|Any CPU.ActiveCfg = Debug|Any CPU
		{3EE9F901-8C33-4D75-ABDB-9525AF939796}.Debug|Any CPU.Build.0 = Debug|Any CPU
		{3EE9F901-8C33-4D75-ABDB-9525AF939796}.Release|Any CPU.ActiveCfg = Release|Any CPU
		{3EE9F901-8C33-4D75-ABDB-9525AF939796}.Release|Any CPU.Build.0 = Release|Any CPU
		{71D445EA-3779-4997-9C1E-BBE814E89CA9}.Debug|Any CPU.ActiveCfg = Debug|Any CPU
		{71D445EA-3779-4997-9C1E-BBE814E89CA9}.Debug|Any CPU.Build.0 = Debug|Any CPU
		{71D445EA-3779-4997-9C1E-BBE814E89CA9}.Release|Any CPU.ActiveCfg = Release|Any CPU
		{71D445EA-3779-4997-9C1E-BBE814E89CA9}.Release|Any CPU.Build.0 = Release|Any CPU
		{06ED1C4F-99F8-4643-802C-1703B8F93CF0}.Debug|Any CPU.ActiveCfg = Debug|Any CPU
		{06ED1C4F-99F8-4643-802C-1703B8F93CF0}.Debug|Any CPU.Build.0 = Debug|Any CPU
		{06ED1C4F-99F8-4643-802C-1703B8F93CF0}.Release|Any CPU.ActiveCfg = Release|Any CPU
		{06ED1C4F-99F8-4643-802C-1703B8F93CF0}.Release|Any CPU.Build.0 = Release|Any CPU
		{AAC4A5A4-2FEA-4657-A3F5-9EAA1C83F995}.Debug|Any CPU.ActiveCfg = Debug|Any CPU
		{AAC4A5A4-2FEA-4657-A3F5-9EAA1C83F995}.Debug|Any CPU.Build.0 = Debug|Any CPU
		{AAC4A5A4-2FEA-4657-A3F5-9EAA1C83F995}.Release|Any CPU.ActiveCfg = Release|Any CPU
		{AAC4A5A4-2FEA-4657-A3F5-9EAA1C83F995}.Release|Any CPU.Build.0 = Release|Any CPU
		{BFCF4971-CA3B-4F07-B7EE-E6EF2F4D415C}.Debug|Any CPU.ActiveCfg = Debug|Any CPU
		{BFCF4971-CA3B-4F07-B7EE-E6EF2F4D415C}.Debug|Any CPU.Build.0 = Debug|Any CPU
		{BFCF4971-CA3B-4F07-B7EE-E6EF2F4D415C}.Release|Any CPU.ActiveCfg = Release|Any CPU
		{BFCF4971-CA3B-4F07-B7EE-E6EF2F4D415C}.Release|Any CPU.Build.0 = Release|Any CPU
		{9CCC92DA-5EE0-4DB2-B80F-43D0D4C342BD}.Debug|Any CPU.ActiveCfg = Debug|Any CPU
		{9CCC92DA-5EE0-4DB2-B80F-43D0D4C342BD}.Debug|Any CPU.Build.0 = Debug|Any CPU
		{9CCC92DA-5EE0-4DB2-B80F-43D0D4C342BD}.Release|Any CPU.ActiveCfg = Release|Any CPU
		{9CCC92DA-5EE0-4DB2-B80F-43D0D4C342BD}.Release|Any CPU.Build.0 = Release|Any CPU
		{F0B72654-13EA-4221-BD53-CA4E83E59E2F}.Debug|Any CPU.ActiveCfg = Debug|Any CPU
		{F0B72654-13EA-4221-BD53-CA4E83E59E2F}.Debug|Any CPU.Build.0 = Debug|Any CPU
		{F0B72654-13EA-4221-BD53-CA4E83E59E2F}.Release|Any CPU.ActiveCfg = Release|Any CPU
		{F0B72654-13EA-4221-BD53-CA4E83E59E2F}.Release|Any CPU.Build.0 = Release|Any CPU
		{274F9483-6346-4F39-864F-F0BDDADDB185}.Debug|Any CPU.ActiveCfg = Debug|Any CPU
		{274F9483-6346-4F39-864F-F0BDDADDB185}.Debug|Any CPU.Build.0 = Debug|Any CPU
		{274F9483-6346-4F39-864F-F0BDDADDB185}.Release|Any CPU.ActiveCfg = Release|Any CPU
		{274F9483-6346-4F39-864F-F0BDDADDB185}.Release|Any CPU.Build.0 = Release|Any CPU
		{08DC1EEE-9577-451F-ADD1-586F5C0C1CDC}.Debug|Any CPU.ActiveCfg = Debug|Any CPU
		{08DC1EEE-9577-451F-ADD1-586F5C0C1CDC}.Debug|Any CPU.Build.0 = Debug|Any CPU
		{08DC1EEE-9577-451F-ADD1-586F5C0C1CDC}.Release|Any CPU.ActiveCfg = Release|Any CPU
		{08DC1EEE-9577-451F-ADD1-586F5C0C1CDC}.Release|Any CPU.Build.0 = Release|Any CPU
		{0CFA84E6-5FEB-476B-9F62-053B0130E408}.Debug|Any CPU.ActiveCfg = Debug|Any CPU
		{0CFA84E6-5FEB-476B-9F62-053B0130E408}.Debug|Any CPU.Build.0 = Debug|Any CPU
		{0CFA84E6-5FEB-476B-9F62-053B0130E408}.Release|Any CPU.ActiveCfg = Release|Any CPU
		{0CFA84E6-5FEB-476B-9F62-053B0130E408}.Release|Any CPU.Build.0 = Release|Any CPU
		{70EDE5DB-3747-4DD8-9405-5F72374DDDF4}.Debug|Any CPU.ActiveCfg = Debug|Any CPU
		{70EDE5DB-3747-4DD8-9405-5F72374DDDF4}.Debug|Any CPU.Build.0 = Debug|Any CPU
		{70EDE5DB-3747-4DD8-9405-5F72374DDDF4}.Release|Any CPU.ActiveCfg = Release|Any CPU
		{70EDE5DB-3747-4DD8-9405-5F72374DDDF4}.Release|Any CPU.Build.0 = Release|Any CPU
		{B4A2C50C-59DC-4EC1-B08C-09BD98CBAA0A}.Debug|Any CPU.ActiveCfg = Debug|Any CPU
		{B4A2C50C-59DC-4EC1-B08C-09BD98CBAA0A}.Debug|Any CPU.Build.0 = Debug|Any CPU
		{B4A2C50C-59DC-4EC1-B08C-09BD98CBAA0A}.Release|Any CPU.ActiveCfg = Release|Any CPU
		{B4A2C50C-59DC-4EC1-B08C-09BD98CBAA0A}.Release|Any CPU.Build.0 = Release|Any CPU
		{BD81D4CE-0D0F-459B-B341-3AD8CEA1CA75}.Debug|Any CPU.ActiveCfg = Debug|Any CPU
		{BD81D4CE-0D0F-459B-B341-3AD8CEA1CA75}.Debug|Any CPU.Build.0 = Debug|Any CPU
		{BD81D4CE-0D0F-459B-B341-3AD8CEA1CA75}.Release|Any CPU.ActiveCfg = Release|Any CPU
		{BD81D4CE-0D0F-459B-B341-3AD8CEA1CA75}.Release|Any CPU.Build.0 = Release|Any CPU
		{B5D4794B-0B8D-436A-8183-F9BA03AFE322}.Debug|Any CPU.ActiveCfg = Debug|Any CPU
		{B5D4794B-0B8D-436A-8183-F9BA03AFE322}.Debug|Any CPU.Build.0 = Debug|Any CPU
		{B5D4794B-0B8D-436A-8183-F9BA03AFE322}.Release|Any CPU.ActiveCfg = Release|Any CPU
		{B5D4794B-0B8D-436A-8183-F9BA03AFE322}.Release|Any CPU.Build.0 = Release|Any CPU
		{0E8C55A4-B184-4422-AFF6-6A6D08638BDC}.Debug|Any CPU.ActiveCfg = Debug|Any CPU
		{0E8C55A4-B184-4422-AFF6-6A6D08638BDC}.Debug|Any CPU.Build.0 = Debug|Any CPU
		{0E8C55A4-B184-4422-AFF6-6A6D08638BDC}.Release|Any CPU.ActiveCfg = Release|Any CPU
		{0E8C55A4-B184-4422-AFF6-6A6D08638BDC}.Release|Any CPU.Build.0 = Release|Any CPU
		{B4F4F600-EDFB-40FC-A369-2F887C16565E}.Debug|Any CPU.ActiveCfg = Debug|Any CPU
		{B4F4F600-EDFB-40FC-A369-2F887C16565E}.Debug|Any CPU.Build.0 = Debug|Any CPU
		{B4F4F600-EDFB-40FC-A369-2F887C16565E}.Release|Any CPU.ActiveCfg = Release|Any CPU
		{B4F4F600-EDFB-40FC-A369-2F887C16565E}.Release|Any CPU.Build.0 = Release|Any CPU
		{C102C1AD-7750-4A40-9E8C-852C7E0775C5}.Debug|Any CPU.ActiveCfg = Debug|Any CPU
		{C102C1AD-7750-4A40-9E8C-852C7E0775C5}.Debug|Any CPU.Build.0 = Debug|Any CPU
		{C102C1AD-7750-4A40-9E8C-852C7E0775C5}.Release|Any CPU.ActiveCfg = Release|Any CPU
		{C102C1AD-7750-4A40-9E8C-852C7E0775C5}.Release|Any CPU.Build.0 = Release|Any CPU
		{45966AFC-A43D-4D52-BD7B-056CC4016C61}.Debug|Any CPU.ActiveCfg = Debug|Any CPU
		{45966AFC-A43D-4D52-BD7B-056CC4016C61}.Debug|Any CPU.Build.0 = Debug|Any CPU
		{45966AFC-A43D-4D52-BD7B-056CC4016C61}.Release|Any CPU.ActiveCfg = Release|Any CPU
		{45966AFC-A43D-4D52-BD7B-056CC4016C61}.Release|Any CPU.Build.0 = Release|Any CPU
		{BC22D933-A899-493F-A8CA-84D55CE6DDC9}.Debug|Any CPU.ActiveCfg = Debug|Any CPU
		{BC22D933-A899-493F-A8CA-84D55CE6DDC9}.Debug|Any CPU.Build.0 = Debug|Any CPU
		{BC22D933-A899-493F-A8CA-84D55CE6DDC9}.Release|Any CPU.ActiveCfg = Release|Any CPU
		{BC22D933-A899-493F-A8CA-84D55CE6DDC9}.Release|Any CPU.Build.0 = Release|Any CPU
		{34282C1D-7D65-4584-AC52-115DA1B37400}.Debug|Any CPU.ActiveCfg = Debug|Any CPU
		{34282C1D-7D65-4584-AC52-115DA1B37400}.Debug|Any CPU.Build.0 = Debug|Any CPU
		{34282C1D-7D65-4584-AC52-115DA1B37400}.Release|Any CPU.ActiveCfg = Release|Any CPU
		{34282C1D-7D65-4584-AC52-115DA1B37400}.Release|Any CPU.Build.0 = Release|Any CPU
		{23596DF6-1B7C-4C0E-9628-B9823831AB4C}.Debug|Any CPU.ActiveCfg = Debug|Any CPU
		{23596DF6-1B7C-4C0E-9628-B9823831AB4C}.Debug|Any CPU.Build.0 = Debug|Any CPU
		{23596DF6-1B7C-4C0E-9628-B9823831AB4C}.Release|Any CPU.ActiveCfg = Release|Any CPU
		{23596DF6-1B7C-4C0E-9628-B9823831AB4C}.Release|Any CPU.Build.0 = Release|Any CPU
		{9B7765BC-1CE4-4B93-8D6B-13D6BE513831}.Debug|Any CPU.ActiveCfg = Debug|Any CPU
		{9B7765BC-1CE4-4B93-8D6B-13D6BE513831}.Debug|Any CPU.Build.0 = Debug|Any CPU
		{9B7765BC-1CE4-4B93-8D6B-13D6BE513831}.Release|Any CPU.ActiveCfg = Release|Any CPU
		{9B7765BC-1CE4-4B93-8D6B-13D6BE513831}.Release|Any CPU.Build.0 = Release|Any CPU
		{2274A2B7-BA8F-480B-95D5-5B8561A44B6A}.Debug|Any CPU.ActiveCfg = Debug|Any CPU
		{2274A2B7-BA8F-480B-95D5-5B8561A44B6A}.Debug|Any CPU.Build.0 = Debug|Any CPU
		{2274A2B7-BA8F-480B-95D5-5B8561A44B6A}.Release|Any CPU.ActiveCfg = Release|Any CPU
		{2274A2B7-BA8F-480B-95D5-5B8561A44B6A}.Release|Any CPU.Build.0 = Release|Any CPU
		{A7B7A509-AA7B-4BC1-9989-40F860EA9592}.Debug|Any CPU.ActiveCfg = Debug|Any CPU
		{A7B7A509-AA7B-4BC1-9989-40F860EA9592}.Debug|Any CPU.Build.0 = Debug|Any CPU
		{A7B7A509-AA7B-4BC1-9989-40F860EA9592}.Release|Any CPU.ActiveCfg = Release|Any CPU
		{A7B7A509-AA7B-4BC1-9989-40F860EA9592}.Release|Any CPU.Build.0 = Release|Any CPU
		{4EC4F06E-ACA4-41DA-86F8-4B8E8B9A9EC9}.Debug|Any CPU.ActiveCfg = Debug|Any CPU
		{4EC4F06E-ACA4-41DA-86F8-4B8E8B9A9EC9}.Debug|Any CPU.Build.0 = Debug|Any CPU
		{4EC4F06E-ACA4-41DA-86F8-4B8E8B9A9EC9}.Release|Any CPU.ActiveCfg = Release|Any CPU
		{4EC4F06E-ACA4-41DA-86F8-4B8E8B9A9EC9}.Release|Any CPU.Build.0 = Release|Any CPU
		{401EA903-DC9F-494C-A5B1-EA1D770C9452}.Debug|Any CPU.ActiveCfg = Debug|Any CPU
		{401EA903-DC9F-494C-A5B1-EA1D770C9452}.Debug|Any CPU.Build.0 = Debug|Any CPU
		{401EA903-DC9F-494C-A5B1-EA1D770C9452}.Release|Any CPU.ActiveCfg = Release|Any CPU
		{401EA903-DC9F-494C-A5B1-EA1D770C9452}.Release|Any CPU.Build.0 = Release|Any CPU
		{FFCE0EAB-BD54-413D-A4EF-A19C29380A26}.Debug|Any CPU.ActiveCfg = Debug|Any CPU
		{FFCE0EAB-BD54-413D-A4EF-A19C29380A26}.Debug|Any CPU.Build.0 = Debug|Any CPU
		{FFCE0EAB-BD54-413D-A4EF-A19C29380A26}.Release|Any CPU.ActiveCfg = Release|Any CPU
		{FFCE0EAB-BD54-413D-A4EF-A19C29380A26}.Release|Any CPU.Build.0 = Release|Any CPU
		{5ADF0E01-EF4A-4EFB-B5E6-B25AFAC362AE}.Debug|Any CPU.ActiveCfg = Debug|Any CPU
		{5ADF0E01-EF4A-4EFB-B5E6-B25AFAC362AE}.Debug|Any CPU.Build.0 = Debug|Any CPU
		{5ADF0E01-EF4A-4EFB-B5E6-B25AFAC362AE}.Release|Any CPU.ActiveCfg = Release|Any CPU
		{5ADF0E01-EF4A-4EFB-B5E6-B25AFAC362AE}.Release|Any CPU.Build.0 = Release|Any CPU
		{E4858F6E-8317-44B2-AC14-4CB1AC09F4EA}.Debug|Any CPU.ActiveCfg = Debug|Any CPU
		{E4858F6E-8317-44B2-AC14-4CB1AC09F4EA}.Debug|Any CPU.Build.0 = Debug|Any CPU
		{E4858F6E-8317-44B2-AC14-4CB1AC09F4EA}.Release|Any CPU.ActiveCfg = Release|Any CPU
		{E4858F6E-8317-44B2-AC14-4CB1AC09F4EA}.Release|Any CPU.Build.0 = Release|Any CPU
		{FBB91487-B700-493F-B26D-36B1CA13B26C}.Debug|Any CPU.ActiveCfg = Debug|Any CPU
		{FBB91487-B700-493F-B26D-36B1CA13B26C}.Debug|Any CPU.Build.0 = Debug|Any CPU
		{FBB91487-B700-493F-B26D-36B1CA13B26C}.Release|Any CPU.ActiveCfg = Release|Any CPU
		{FBB91487-B700-493F-B26D-36B1CA13B26C}.Release|Any CPU.Build.0 = Release|Any CPU
		{35F009B4-38A7-4DF1-A2D3-3BAE594585B2}.Debug|Any CPU.ActiveCfg = Debug|Any CPU
		{35F009B4-38A7-4DF1-A2D3-3BAE594585B2}.Debug|Any CPU.Build.0 = Debug|Any CPU
		{35F009B4-38A7-4DF1-A2D3-3BAE594585B2}.Release|Any CPU.ActiveCfg = Release|Any CPU
		{35F009B4-38A7-4DF1-A2D3-3BAE594585B2}.Release|Any CPU.Build.0 = Release|Any CPU
		{44A73C6C-194B-46CB-A0AB-D2B0CC214160}.Debug|Any CPU.ActiveCfg = Debug|Any CPU
		{44A73C6C-194B-46CB-A0AB-D2B0CC214160}.Debug|Any CPU.Build.0 = Debug|Any CPU
		{44A73C6C-194B-46CB-A0AB-D2B0CC214160}.Release|Any CPU.ActiveCfg = Release|Any CPU
		{44A73C6C-194B-46CB-A0AB-D2B0CC214160}.Release|Any CPU.Build.0 = Release|Any CPU
		{0F34DAE7-E888-4D59-BC0F-0EE88EC361F1}.Debug|Any CPU.ActiveCfg = Debug|Any CPU
		{0F34DAE7-E888-4D59-BC0F-0EE88EC361F1}.Debug|Any CPU.Build.0 = Debug|Any CPU
		{0F34DAE7-E888-4D59-BC0F-0EE88EC361F1}.Release|Any CPU.ActiveCfg = Release|Any CPU
		{0F34DAE7-E888-4D59-BC0F-0EE88EC361F1}.Release|Any CPU.Build.0 = Release|Any CPU
		{D92259D0-791D-49B1-B50F-1E63FC403306}.Debug|Any CPU.ActiveCfg = Debug|Any CPU
		{D92259D0-791D-49B1-B50F-1E63FC403306}.Debug|Any CPU.Build.0 = Debug|Any CPU
		{D92259D0-791D-49B1-B50F-1E63FC403306}.Release|Any CPU.ActiveCfg = Release|Any CPU
		{D92259D0-791D-49B1-B50F-1E63FC403306}.Release|Any CPU.Build.0 = Release|Any CPU
		{53CF54B6-552C-4511-A3DC-4B5321D22E70}.Debug|Any CPU.ActiveCfg = Debug|Any CPU
		{53CF54B6-552C-4511-A3DC-4B5321D22E70}.Debug|Any CPU.Build.0 = Debug|Any CPU
		{53CF54B6-552C-4511-A3DC-4B5321D22E70}.Release|Any CPU.ActiveCfg = Release|Any CPU
		{53CF54B6-552C-4511-A3DC-4B5321D22E70}.Release|Any CPU.Build.0 = Release|Any CPU
		{1D1623DD-A2B0-4B55-8CCC-0CBF040E1829}.Debug|Any CPU.ActiveCfg = Debug|Any CPU
		{1D1623DD-A2B0-4B55-8CCC-0CBF040E1829}.Debug|Any CPU.Build.0 = Debug|Any CPU
		{1D1623DD-A2B0-4B55-8CCC-0CBF040E1829}.Release|Any CPU.ActiveCfg = Release|Any CPU
		{1D1623DD-A2B0-4B55-8CCC-0CBF040E1829}.Release|Any CPU.Build.0 = Release|Any CPU
		{643C1848-FC55-4CE2-BF89-281A227B9F66}.Debug|Any CPU.ActiveCfg = Debug|Any CPU
		{643C1848-FC55-4CE2-BF89-281A227B9F66}.Debug|Any CPU.Build.0 = Debug|Any CPU
		{643C1848-FC55-4CE2-BF89-281A227B9F66}.Release|Any CPU.ActiveCfg = Release|Any CPU
		{643C1848-FC55-4CE2-BF89-281A227B9F66}.Release|Any CPU.Build.0 = Release|Any CPU
		{ED986CCC-88EA-4D92-AF6E-2C7B924EB3FD}.Debug|Any CPU.ActiveCfg = Debug|Any CPU
		{ED986CCC-88EA-4D92-AF6E-2C7B924EB3FD}.Debug|Any CPU.Build.0 = Debug|Any CPU
		{ED986CCC-88EA-4D92-AF6E-2C7B924EB3FD}.Release|Any CPU.ActiveCfg = Release|Any CPU
		{ED986CCC-88EA-4D92-AF6E-2C7B924EB3FD}.Release|Any CPU.Build.0 = Release|Any CPU
		{87BEB855-689D-4E10-977E-B48915421575}.Debug|Any CPU.ActiveCfg = Debug|Any CPU
		{87BEB855-689D-4E10-977E-B48915421575}.Debug|Any CPU.Build.0 = Debug|Any CPU
		{87BEB855-689D-4E10-977E-B48915421575}.Release|Any CPU.ActiveCfg = Release|Any CPU
		{87BEB855-689D-4E10-977E-B48915421575}.Release|Any CPU.Build.0 = Release|Any CPU
		{C964D0EC-2A62-4D58-8996-B870BD09C20B}.Debug|Any CPU.ActiveCfg = Debug|Any CPU
		{C964D0EC-2A62-4D58-8996-B870BD09C20B}.Debug|Any CPU.Build.0 = Debug|Any CPU
		{C964D0EC-2A62-4D58-8996-B870BD09C20B}.Release|Any CPU.ActiveCfg = Release|Any CPU
		{C964D0EC-2A62-4D58-8996-B870BD09C20B}.Release|Any CPU.Build.0 = Release|Any CPU
		{87DA489E-0727-41C2-92CE-10F5375C8EF8}.Debug|Any CPU.ActiveCfg = Debug|Any CPU
		{87DA489E-0727-41C2-92CE-10F5375C8EF8}.Debug|Any CPU.Build.0 = Debug|Any CPU
		{87DA489E-0727-41C2-92CE-10F5375C8EF8}.Release|Any CPU.ActiveCfg = Release|Any CPU
		{87DA489E-0727-41C2-92CE-10F5375C8EF8}.Release|Any CPU.Build.0 = Release|Any CPU
		{2E242FEB-A139-4DFA-B7F6-808FFA94B711}.Debug|Any CPU.ActiveCfg = Debug|Any CPU
		{2E242FEB-A139-4DFA-B7F6-808FFA94B711}.Debug|Any CPU.Build.0 = Debug|Any CPU
		{2E242FEB-A139-4DFA-B7F6-808FFA94B711}.Release|Any CPU.ActiveCfg = Release|Any CPU
		{2E242FEB-A139-4DFA-B7F6-808FFA94B711}.Release|Any CPU.Build.0 = Release|Any CPU
		{EC355629-EE69-42BC-BE5D-E7BE024996E4}.Debug|Any CPU.ActiveCfg = Debug|Any CPU
		{EC355629-EE69-42BC-BE5D-E7BE024996E4}.Debug|Any CPU.Build.0 = Debug|Any CPU
		{EC355629-EE69-42BC-BE5D-E7BE024996E4}.Release|Any CPU.ActiveCfg = Release|Any CPU
		{EC355629-EE69-42BC-BE5D-E7BE024996E4}.Release|Any CPU.Build.0 = Release|Any CPU
		{096D7F3E-E91A-4751-BA5D-96C36141D4DC}.Debug|Any CPU.ActiveCfg = Debug|Any CPU
		{096D7F3E-E91A-4751-BA5D-96C36141D4DC}.Debug|Any CPU.Build.0 = Debug|Any CPU
		{096D7F3E-E91A-4751-BA5D-96C36141D4DC}.Release|Any CPU.ActiveCfg = Release|Any CPU
		{096D7F3E-E91A-4751-BA5D-96C36141D4DC}.Release|Any CPU.Build.0 = Release|Any CPU
		{6BD64562-637D-43CD-82C9-215E81AD7ABB}.Debug|Any CPU.ActiveCfg = Debug|Any CPU
		{6BD64562-637D-43CD-82C9-215E81AD7ABB}.Debug|Any CPU.Build.0 = Debug|Any CPU
		{6BD64562-637D-43CD-82C9-215E81AD7ABB}.Release|Any CPU.ActiveCfg = Release|Any CPU
		{6BD64562-637D-43CD-82C9-215E81AD7ABB}.Release|Any CPU.Build.0 = Release|Any CPU
		{29BEDF17-D11D-4BC4-8B4D-D323A06EC754}.Debug|Any CPU.ActiveCfg = Debug|Any CPU
		{29BEDF17-D11D-4BC4-8B4D-D323A06EC754}.Debug|Any CPU.Build.0 = Debug|Any CPU
		{29BEDF17-D11D-4BC4-8B4D-D323A06EC754}.Release|Any CPU.ActiveCfg = Release|Any CPU
		{29BEDF17-D11D-4BC4-8B4D-D323A06EC754}.Release|Any CPU.Build.0 = Release|Any CPU
		{7F5CE3E7-975C-4AC8-AC27-A2662876D833}.Debug|Any CPU.ActiveCfg = Debug|Any CPU
		{7F5CE3E7-975C-4AC8-AC27-A2662876D833}.Debug|Any CPU.Build.0 = Debug|Any CPU
		{7F5CE3E7-975C-4AC8-AC27-A2662876D833}.Release|Any CPU.ActiveCfg = Release|Any CPU
		{7F5CE3E7-975C-4AC8-AC27-A2662876D833}.Release|Any CPU.Build.0 = Release|Any CPU
		{51EADB1B-4A08-4440-AB76-F400DF098008}.Debug|Any CPU.ActiveCfg = Debug|Any CPU
		{51EADB1B-4A08-4440-AB76-F400DF098008}.Debug|Any CPU.Build.0 = Debug|Any CPU
		{51EADB1B-4A08-4440-AB76-F400DF098008}.Release|Any CPU.ActiveCfg = Release|Any CPU
		{51EADB1B-4A08-4440-AB76-F400DF098008}.Release|Any CPU.Build.0 = Release|Any CPU
		{9CD1095C-F069-4D50-B60D-518E15900D6C}.Debug|Any CPU.ActiveCfg = Debug|Any CPU
		{9CD1095C-F069-4D50-B60D-518E15900D6C}.Debug|Any CPU.Build.0 = Debug|Any CPU
		{9CD1095C-F069-4D50-B60D-518E15900D6C}.Release|Any CPU.ActiveCfg = Release|Any CPU
		{9CD1095C-F069-4D50-B60D-518E15900D6C}.Release|Any CPU.Build.0 = Release|Any CPU
		{28545839-62B8-4527-AD83-E1750DF535B4}.Debug|Any CPU.ActiveCfg = Debug|Any CPU
		{28545839-62B8-4527-AD83-E1750DF535B4}.Debug|Any CPU.Build.0 = Debug|Any CPU
		{28545839-62B8-4527-AD83-E1750DF535B4}.Release|Any CPU.ActiveCfg = Release|Any CPU
		{28545839-62B8-4527-AD83-E1750DF535B4}.Release|Any CPU.Build.0 = Release|Any CPU
		{1E043759-0B9E-4C1A-A16A-6B2455F53507}.Debug|Any CPU.ActiveCfg = Debug|Any CPU
		{1E043759-0B9E-4C1A-A16A-6B2455F53507}.Debug|Any CPU.Build.0 = Debug|Any CPU
		{1E043759-0B9E-4C1A-A16A-6B2455F53507}.Release|Any CPU.ActiveCfg = Release|Any CPU
		{1E043759-0B9E-4C1A-A16A-6B2455F53507}.Release|Any CPU.Build.0 = Release|Any CPU
		{76D584A1-B8E4-4862-8029-051CBDF0AE81}.Debug|Any CPU.ActiveCfg = Debug|Any CPU
		{76D584A1-B8E4-4862-8029-051CBDF0AE81}.Debug|Any CPU.Build.0 = Debug|Any CPU
		{76D584A1-B8E4-4862-8029-051CBDF0AE81}.Release|Any CPU.ActiveCfg = Release|Any CPU
		{76D584A1-B8E4-4862-8029-051CBDF0AE81}.Release|Any CPU.Build.0 = Release|Any CPU
		{18A155F3-859E-46C6-B9F0-B6D143E14696}.Debug|Any CPU.ActiveCfg = Debug|Any CPU
		{18A155F3-859E-46C6-B9F0-B6D143E14696}.Debug|Any CPU.Build.0 = Debug|Any CPU
		{18A155F3-859E-46C6-B9F0-B6D143E14696}.Release|Any CPU.ActiveCfg = Release|Any CPU
		{18A155F3-859E-46C6-B9F0-B6D143E14696}.Release|Any CPU.Build.0 = Release|Any CPU
		{4DD3FB66-6353-4F97-A34E-2E4502EE15B4}.Debug|Any CPU.ActiveCfg = Debug|Any CPU
		{4DD3FB66-6353-4F97-A34E-2E4502EE15B4}.Debug|Any CPU.Build.0 = Debug|Any CPU
		{4DD3FB66-6353-4F97-A34E-2E4502EE15B4}.Release|Any CPU.ActiveCfg = Release|Any CPU
		{4DD3FB66-6353-4F97-A34E-2E4502EE15B4}.Release|Any CPU.Build.0 = Release|Any CPU
		{DEC08C8A-7634-49AB-8C1A-599E1306D595}.Debug|Any CPU.ActiveCfg = Debug|Any CPU
		{DEC08C8A-7634-49AB-8C1A-599E1306D595}.Debug|Any CPU.Build.0 = Debug|Any CPU
		{DEC08C8A-7634-49AB-8C1A-599E1306D595}.Release|Any CPU.ActiveCfg = Release|Any CPU
		{DEC08C8A-7634-49AB-8C1A-599E1306D595}.Release|Any CPU.Build.0 = Release|Any CPU
		{1D7067ED-4D9E-4ACE-9F4D-273C728B2961}.Debug|Any CPU.ActiveCfg = Debug|Any CPU
		{1D7067ED-4D9E-4ACE-9F4D-273C728B2961}.Debug|Any CPU.Build.0 = Debug|Any CPU
		{1D7067ED-4D9E-4ACE-9F4D-273C728B2961}.Release|Any CPU.ActiveCfg = Release|Any CPU
		{1D7067ED-4D9E-4ACE-9F4D-273C728B2961}.Release|Any CPU.Build.0 = Release|Any CPU
		{95493914-F5CA-4183-A1C3-41B1237ACCD5}.Debug|Any CPU.ActiveCfg = Debug|Any CPU
		{95493914-F5CA-4183-A1C3-41B1237ACCD5}.Debug|Any CPU.Build.0 = Debug|Any CPU
		{95493914-F5CA-4183-A1C3-41B1237ACCD5}.Release|Any CPU.ActiveCfg = Release|Any CPU
		{95493914-F5CA-4183-A1C3-41B1237ACCD5}.Release|Any CPU.Build.0 = Release|Any CPU
		{966CC26E-316E-45D7-BBEB-8B6DA37C03AF}.Debug|Any CPU.ActiveCfg = Debug|Any CPU
		{966CC26E-316E-45D7-BBEB-8B6DA37C03AF}.Debug|Any CPU.Build.0 = Debug|Any CPU
		{966CC26E-316E-45D7-BBEB-8B6DA37C03AF}.Release|Any CPU.ActiveCfg = Release|Any CPU
		{966CC26E-316E-45D7-BBEB-8B6DA37C03AF}.Release|Any CPU.Build.0 = Release|Any CPU
		{C5BEC7DD-D568-4489-835C-4BAF25E01CF4}.Debug|Any CPU.ActiveCfg = Debug|Any CPU
		{C5BEC7DD-D568-4489-835C-4BAF25E01CF4}.Debug|Any CPU.Build.0 = Debug|Any CPU
		{C5BEC7DD-D568-4489-835C-4BAF25E01CF4}.Release|Any CPU.ActiveCfg = Release|Any CPU
		{C5BEC7DD-D568-4489-835C-4BAF25E01CF4}.Release|Any CPU.Build.0 = Release|Any CPU
		{CFDC9C90-5BDA-4E92-AACC-7701DCEB47B7}.Debug|Any CPU.ActiveCfg = Debug|Any CPU
		{CFDC9C90-5BDA-4E92-AACC-7701DCEB47B7}.Debug|Any CPU.Build.0 = Debug|Any CPU
		{CFDC9C90-5BDA-4E92-AACC-7701DCEB47B7}.Release|Any CPU.ActiveCfg = Release|Any CPU
		{CFDC9C90-5BDA-4E92-AACC-7701DCEB47B7}.Release|Any CPU.Build.0 = Release|Any CPU
		{96B22CB7-9DD7-4437-B104-DE4D4BA33969}.Debug|Any CPU.ActiveCfg = Debug|Any CPU
		{96B22CB7-9DD7-4437-B104-DE4D4BA33969}.Debug|Any CPU.Build.0 = Debug|Any CPU
		{96B22CB7-9DD7-4437-B104-DE4D4BA33969}.Release|Any CPU.ActiveCfg = Release|Any CPU
		{96B22CB7-9DD7-4437-B104-DE4D4BA33969}.Release|Any CPU.Build.0 = Release|Any CPU
		{E3A49423-7B41-4124-8A60-5AEDF043F998}.Debug|Any CPU.ActiveCfg = Debug|Any CPU
		{E3A49423-7B41-4124-8A60-5AEDF043F998}.Debug|Any CPU.Build.0 = Debug|Any CPU
		{E3A49423-7B41-4124-8A60-5AEDF043F998}.Release|Any CPU.ActiveCfg = Release|Any CPU
		{E3A49423-7B41-4124-8A60-5AEDF043F998}.Release|Any CPU.Build.0 = Release|Any CPU
		{670B3D2E-8165-495D-ABB1-811DFEB4058D}.Debug|Any CPU.ActiveCfg = Debug|Any CPU
		{670B3D2E-8165-495D-ABB1-811DFEB4058D}.Debug|Any CPU.Build.0 = Debug|Any CPU
		{670B3D2E-8165-495D-ABB1-811DFEB4058D}.Release|Any CPU.ActiveCfg = Release|Any CPU
		{670B3D2E-8165-495D-ABB1-811DFEB4058D}.Release|Any CPU.Build.0 = Release|Any CPU
		{87CC9124-D2E8-4712-AD53-38E9EACC71AD}.Debug|Any CPU.ActiveCfg = Debug|Any CPU
		{87CC9124-D2E8-4712-AD53-38E9EACC71AD}.Debug|Any CPU.Build.0 = Debug|Any CPU
		{87CC9124-D2E8-4712-AD53-38E9EACC71AD}.Release|Any CPU.ActiveCfg = Release|Any CPU
		{87CC9124-D2E8-4712-AD53-38E9EACC71AD}.Release|Any CPU.Build.0 = Release|Any CPU
		{835F3EAF-D8B7-4A06-8EDD-7A755AF9E9E1}.Debug|Any CPU.ActiveCfg = Debug|Any CPU
		{835F3EAF-D8B7-4A06-8EDD-7A755AF9E9E1}.Debug|Any CPU.Build.0 = Debug|Any CPU
		{835F3EAF-D8B7-4A06-8EDD-7A755AF9E9E1}.Release|Any CPU.ActiveCfg = Release|Any CPU
		{835F3EAF-D8B7-4A06-8EDD-7A755AF9E9E1}.Release|Any CPU.Build.0 = Release|Any CPU
		{F6A1D4E3-0808-4C03-BDBE-3CA0A274CD48}.Debug|Any CPU.ActiveCfg = Debug|Any CPU
		{F6A1D4E3-0808-4C03-BDBE-3CA0A274CD48}.Debug|Any CPU.Build.0 = Debug|Any CPU
		{F6A1D4E3-0808-4C03-BDBE-3CA0A274CD48}.Release|Any CPU.ActiveCfg = Release|Any CPU
		{F6A1D4E3-0808-4C03-BDBE-3CA0A274CD48}.Release|Any CPU.Build.0 = Release|Any CPU
		{FDB5B142-6864-4AA1-80AE-F18E8895D6FD}.Debug|Any CPU.ActiveCfg = Debug|Any CPU
		{FDB5B142-6864-4AA1-80AE-F18E8895D6FD}.Debug|Any CPU.Build.0 = Debug|Any CPU
		{FDB5B142-6864-4AA1-80AE-F18E8895D6FD}.Release|Any CPU.ActiveCfg = Release|Any CPU
		{FDB5B142-6864-4AA1-80AE-F18E8895D6FD}.Release|Any CPU.Build.0 = Release|Any CPU
		{F34DBB0B-4FF6-4358-AA69-687C8B2BAA04}.Debug|Any CPU.ActiveCfg = Debug|Any CPU
		{F34DBB0B-4FF6-4358-AA69-687C8B2BAA04}.Debug|Any CPU.Build.0 = Debug|Any CPU
		{F34DBB0B-4FF6-4358-AA69-687C8B2BAA04}.Release|Any CPU.ActiveCfg = Release|Any CPU
		{F34DBB0B-4FF6-4358-AA69-687C8B2BAA04}.Release|Any CPU.Build.0 = Release|Any CPU
		{FA329CCC-183C-4546-8099-09A027535716}.Debug|Any CPU.ActiveCfg = Debug|Any CPU
		{FA329CCC-183C-4546-8099-09A027535716}.Debug|Any CPU.Build.0 = Debug|Any CPU
		{FA329CCC-183C-4546-8099-09A027535716}.Release|Any CPU.ActiveCfg = Release|Any CPU
		{FA329CCC-183C-4546-8099-09A027535716}.Release|Any CPU.Build.0 = Release|Any CPU
		{821C4042-70ED-4561-8382-0ACD22BA42E3}.Debug|Any CPU.ActiveCfg = Debug|Any CPU
		{821C4042-70ED-4561-8382-0ACD22BA42E3}.Debug|Any CPU.Build.0 = Debug|Any CPU
		{821C4042-70ED-4561-8382-0ACD22BA42E3}.Release|Any CPU.ActiveCfg = Release|Any CPU
		{821C4042-70ED-4561-8382-0ACD22BA42E3}.Release|Any CPU.Build.0 = Release|Any CPU
		{102C61B0-AFF3-438C-9961-C10448AD7E36}.Debug|Any CPU.ActiveCfg = Debug|Any CPU
		{102C61B0-AFF3-438C-9961-C10448AD7E36}.Debug|Any CPU.Build.0 = Debug|Any CPU
		{102C61B0-AFF3-438C-9961-C10448AD7E36}.Release|Any CPU.ActiveCfg = Release|Any CPU
		{102C61B0-AFF3-438C-9961-C10448AD7E36}.Release|Any CPU.Build.0 = Release|Any CPU
		{4E666C41-B41A-448F-B71D-219E5635FA90}.Debug|Any CPU.ActiveCfg = Debug|Any CPU
		{4E666C41-B41A-448F-B71D-219E5635FA90}.Debug|Any CPU.Build.0 = Debug|Any CPU
		{4E666C41-B41A-448F-B71D-219E5635FA90}.Release|Any CPU.ActiveCfg = Release|Any CPU
		{4E666C41-B41A-448F-B71D-219E5635FA90}.Release|Any CPU.Build.0 = Release|Any CPU
		{6145BDBC-C4C5-4CDA-B47E-8917C23551B5}.Debug|Any CPU.ActiveCfg = Debug|Any CPU
		{6145BDBC-C4C5-4CDA-B47E-8917C23551B5}.Debug|Any CPU.Build.0 = Debug|Any CPU
		{6145BDBC-C4C5-4CDA-B47E-8917C23551B5}.Release|Any CPU.ActiveCfg = Release|Any CPU
		{6145BDBC-C4C5-4CDA-B47E-8917C23551B5}.Release|Any CPU.Build.0 = Release|Any CPU
		{5B9D81A0-C3FF-4241-AE3C-2D4AFACA45A1}.Debug|Any CPU.ActiveCfg = Debug|Any CPU
		{5B9D81A0-C3FF-4241-AE3C-2D4AFACA45A1}.Debug|Any CPU.Build.0 = Debug|Any CPU
		{5B9D81A0-C3FF-4241-AE3C-2D4AFACA45A1}.Release|Any CPU.ActiveCfg = Release|Any CPU
		{5B9D81A0-C3FF-4241-AE3C-2D4AFACA45A1}.Release|Any CPU.Build.0 = Release|Any CPU
		{49E58E29-89B9-4CCD-8595-FC86D7FB89F1}.Debug|Any CPU.ActiveCfg = Debug|Any CPU
		{49E58E29-89B9-4CCD-8595-FC86D7FB89F1}.Debug|Any CPU.Build.0 = Debug|Any CPU
		{49E58E29-89B9-4CCD-8595-FC86D7FB89F1}.Release|Any CPU.ActiveCfg = Release|Any CPU
		{49E58E29-89B9-4CCD-8595-FC86D7FB89F1}.Release|Any CPU.Build.0 = Release|Any CPU
		{3198D8AA-CBF5-44B7-94B9-EC4B02FA7C80}.Debug|Any CPU.ActiveCfg = Debug|Any CPU
		{3198D8AA-CBF5-44B7-94B9-EC4B02FA7C80}.Debug|Any CPU.Build.0 = Debug|Any CPU
		{3198D8AA-CBF5-44B7-94B9-EC4B02FA7C80}.Release|Any CPU.ActiveCfg = Release|Any CPU
		{3198D8AA-CBF5-44B7-94B9-EC4B02FA7C80}.Release|Any CPU.Build.0 = Release|Any CPU
		{F8DCC5A3-DE50-4B90-9C22-EB46A91C9958}.Debug|Any CPU.ActiveCfg = Debug|Any CPU
		{F8DCC5A3-DE50-4B90-9C22-EB46A91C9958}.Debug|Any CPU.Build.0 = Debug|Any CPU
		{F8DCC5A3-DE50-4B90-9C22-EB46A91C9958}.Release|Any CPU.ActiveCfg = Release|Any CPU
		{F8DCC5A3-DE50-4B90-9C22-EB46A91C9958}.Release|Any CPU.Build.0 = Release|Any CPU
		{BFCE551D-7FFF-4496-9D78-0B585D238ADD}.Debug|Any CPU.ActiveCfg = Debug|Any CPU
		{BFCE551D-7FFF-4496-9D78-0B585D238ADD}.Debug|Any CPU.Build.0 = Debug|Any CPU
		{BFCE551D-7FFF-4496-9D78-0B585D238ADD}.Release|Any CPU.ActiveCfg = Release|Any CPU
		{BFCE551D-7FFF-4496-9D78-0B585D238ADD}.Release|Any CPU.Build.0 = Release|Any CPU
		{64E39B9B-F5A2-4885-A750-1D67652A9E9C}.Debug|Any CPU.ActiveCfg = Debug|Any CPU
		{64E39B9B-F5A2-4885-A750-1D67652A9E9C}.Debug|Any CPU.Build.0 = Debug|Any CPU
		{64E39B9B-F5A2-4885-A750-1D67652A9E9C}.Release|Any CPU.ActiveCfg = Release|Any CPU
		{64E39B9B-F5A2-4885-A750-1D67652A9E9C}.Release|Any CPU.Build.0 = Release|Any CPU
		{4AF47361-333E-4B97-ADCF-B121A48C4A9B}.Debug|Any CPU.ActiveCfg = Debug|Any CPU
		{4AF47361-333E-4B97-ADCF-B121A48C4A9B}.Debug|Any CPU.Build.0 = Debug|Any CPU
		{4AF47361-333E-4B97-ADCF-B121A48C4A9B}.Release|Any CPU.ActiveCfg = Release|Any CPU
		{4AF47361-333E-4B97-ADCF-B121A48C4A9B}.Release|Any CPU.Build.0 = Release|Any CPU
		{60AD4E08-A5E9-497F-8A68-AD7E3DE80297}.Debug|Any CPU.ActiveCfg = Debug|Any CPU
		{60AD4E08-A5E9-497F-8A68-AD7E3DE80297}.Debug|Any CPU.Build.0 = Debug|Any CPU
		{60AD4E08-A5E9-497F-8A68-AD7E3DE80297}.Release|Any CPU.ActiveCfg = Release|Any CPU
		{60AD4E08-A5E9-497F-8A68-AD7E3DE80297}.Release|Any CPU.Build.0 = Release|Any CPU
		{9F70CA73-9572-4ED2-BE87-B17BB93E75DA}.Debug|Any CPU.ActiveCfg = Debug|Any CPU
		{9F70CA73-9572-4ED2-BE87-B17BB93E75DA}.Debug|Any CPU.Build.0 = Debug|Any CPU
		{9F70CA73-9572-4ED2-BE87-B17BB93E75DA}.Release|Any CPU.ActiveCfg = Release|Any CPU
		{9F70CA73-9572-4ED2-BE87-B17BB93E75DA}.Release|Any CPU.Build.0 = Release|Any CPU
		{0F407597-DA3E-4D1D-A192-D9255BA2BF35}.Debug|Any CPU.ActiveCfg = Debug|Any CPU
		{0F407597-DA3E-4D1D-A192-D9255BA2BF35}.Debug|Any CPU.Build.0 = Debug|Any CPU
		{0F407597-DA3E-4D1D-A192-D9255BA2BF35}.Release|Any CPU.ActiveCfg = Release|Any CPU
		{0F407597-DA3E-4D1D-A192-D9255BA2BF35}.Release|Any CPU.Build.0 = Release|Any CPU
		{546864AD-D30C-4C96-886A-551B7412F09C}.Debug|Any CPU.ActiveCfg = Debug|Any CPU
		{546864AD-D30C-4C96-886A-551B7412F09C}.Debug|Any CPU.Build.0 = Debug|Any CPU
		{546864AD-D30C-4C96-886A-551B7412F09C}.Release|Any CPU.ActiveCfg = Release|Any CPU
		{546864AD-D30C-4C96-886A-551B7412F09C}.Release|Any CPU.Build.0 = Release|Any CPU
		{F150D6DA-654C-4363-825E-4BB347847DB8}.Debug|Any CPU.ActiveCfg = Debug|Any CPU
		{F150D6DA-654C-4363-825E-4BB347847DB8}.Debug|Any CPU.Build.0 = Debug|Any CPU
		{F150D6DA-654C-4363-825E-4BB347847DB8}.Release|Any CPU.ActiveCfg = Release|Any CPU
		{F150D6DA-654C-4363-825E-4BB347847DB8}.Release|Any CPU.Build.0 = Release|Any CPU
		{E113D539-9198-489C-A28E-FEFCFFA331FE}.Debug|Any CPU.ActiveCfg = Debug|Any CPU
		{E113D539-9198-489C-A28E-FEFCFFA331FE}.Debug|Any CPU.Build.0 = Debug|Any CPU
		{E113D539-9198-489C-A28E-FEFCFFA331FE}.Release|Any CPU.ActiveCfg = Release|Any CPU
		{E113D539-9198-489C-A28E-FEFCFFA331FE}.Release|Any CPU.Build.0 = Release|Any CPU
		{5AFBB513-690E-4942-AD82-72DD38BD3F51}.Debug|Any CPU.ActiveCfg = Debug|Any CPU
		{5AFBB513-690E-4942-AD82-72DD38BD3F51}.Debug|Any CPU.Build.0 = Debug|Any CPU
		{5AFBB513-690E-4942-AD82-72DD38BD3F51}.Release|Any CPU.ActiveCfg = Release|Any CPU
		{5AFBB513-690E-4942-AD82-72DD38BD3F51}.Release|Any CPU.Build.0 = Release|Any CPU
		{B0A234C3-1917-4A4D-93B4-A76A8A90876B}.Debug|Any CPU.ActiveCfg = Debug|Any CPU
		{B0A234C3-1917-4A4D-93B4-A76A8A90876B}.Debug|Any CPU.Build.0 = Debug|Any CPU
		{B0A234C3-1917-4A4D-93B4-A76A8A90876B}.Release|Any CPU.ActiveCfg = Release|Any CPU
		{B0A234C3-1917-4A4D-93B4-A76A8A90876B}.Release|Any CPU.Build.0 = Release|Any CPU
		{7707529B-1408-4BC0-A097-2063194BB922}.Debug|Any CPU.ActiveCfg = Debug|Any CPU
		{7707529B-1408-4BC0-A097-2063194BB922}.Debug|Any CPU.Build.0 = Debug|Any CPU
		{7707529B-1408-4BC0-A097-2063194BB922}.Release|Any CPU.ActiveCfg = Release|Any CPU
		{7707529B-1408-4BC0-A097-2063194BB922}.Release|Any CPU.Build.0 = Release|Any CPU
		{8978A9F4-E1A8-4E97-A3CA-5CE74DAB5E4C}.Debug|Any CPU.ActiveCfg = Debug|Any CPU
		{8978A9F4-E1A8-4E97-A3CA-5CE74DAB5E4C}.Debug|Any CPU.Build.0 = Debug|Any CPU
		{8978A9F4-E1A8-4E97-A3CA-5CE74DAB5E4C}.Release|Any CPU.ActiveCfg = Release|Any CPU
		{8978A9F4-E1A8-4E97-A3CA-5CE74DAB5E4C}.Release|Any CPU.Build.0 = Release|Any CPU
		{CDA3F435-1C47-4918-B9B6-09187C162820}.Debug|Any CPU.ActiveCfg = Debug|Any CPU
		{CDA3F435-1C47-4918-B9B6-09187C162820}.Debug|Any CPU.Build.0 = Debug|Any CPU
		{CDA3F435-1C47-4918-B9B6-09187C162820}.Release|Any CPU.ActiveCfg = Release|Any CPU
		{CDA3F435-1C47-4918-B9B6-09187C162820}.Release|Any CPU.Build.0 = Release|Any CPU
		{296F2C4C-5C91-4D6C-86BF-A87792CD07A4}.Debug|Any CPU.ActiveCfg = Debug|Any CPU
		{296F2C4C-5C91-4D6C-86BF-A87792CD07A4}.Debug|Any CPU.Build.0 = Debug|Any CPU
		{296F2C4C-5C91-4D6C-86BF-A87792CD07A4}.Release|Any CPU.ActiveCfg = Release|Any CPU
		{296F2C4C-5C91-4D6C-86BF-A87792CD07A4}.Release|Any CPU.Build.0 = Release|Any CPU
		{FBBCECD7-E18E-4870-B2F0-05D328A4445A}.Debug|Any CPU.ActiveCfg = Debug|Any CPU
		{FBBCECD7-E18E-4870-B2F0-05D328A4445A}.Debug|Any CPU.Build.0 = Debug|Any CPU
		{FBBCECD7-E18E-4870-B2F0-05D328A4445A}.Release|Any CPU.ActiveCfg = Release|Any CPU
		{FBBCECD7-E18E-4870-B2F0-05D328A4445A}.Release|Any CPU.Build.0 = Release|Any CPU
		{D04564C4-F218-41F3-8869-702E5886983A}.Debug|Any CPU.ActiveCfg = Debug|Any CPU
		{D04564C4-F218-41F3-8869-702E5886983A}.Debug|Any CPU.Build.0 = Debug|Any CPU
		{D04564C4-F218-41F3-8869-702E5886983A}.Release|Any CPU.ActiveCfg = Release|Any CPU
		{D04564C4-F218-41F3-8869-702E5886983A}.Release|Any CPU.Build.0 = Release|Any CPU
		{FA9C19FE-88B0-40A1-87C8-8354521E6AF8}.Debug|Any CPU.ActiveCfg = Debug|Any CPU
		{FA9C19FE-88B0-40A1-87C8-8354521E6AF8}.Debug|Any CPU.Build.0 = Debug|Any CPU
		{FA9C19FE-88B0-40A1-87C8-8354521E6AF8}.Release|Any CPU.ActiveCfg = Release|Any CPU
		{FA9C19FE-88B0-40A1-87C8-8354521E6AF8}.Release|Any CPU.Build.0 = Release|Any CPU
		{113FDAD6-031A-4844-909C-24F04F46B4FD}.Debug|Any CPU.ActiveCfg = Debug|Any CPU
		{113FDAD6-031A-4844-909C-24F04F46B4FD}.Debug|Any CPU.Build.0 = Debug|Any CPU
		{113FDAD6-031A-4844-909C-24F04F46B4FD}.Release|Any CPU.ActiveCfg = Release|Any CPU
		{113FDAD6-031A-4844-909C-24F04F46B4FD}.Release|Any CPU.Build.0 = Release|Any CPU
		{B9760FF1-C256-49BD-A7D2-B7BF421F26EF}.Debug|Any CPU.ActiveCfg = Debug|Any CPU
		{B9760FF1-C256-49BD-A7D2-B7BF421F26EF}.Debug|Any CPU.Build.0 = Debug|Any CPU
		{B9760FF1-C256-49BD-A7D2-B7BF421F26EF}.Release|Any CPU.ActiveCfg = Release|Any CPU
		{B9760FF1-C256-49BD-A7D2-B7BF421F26EF}.Release|Any CPU.Build.0 = Release|Any CPU
		{5255727F-0E2C-4A30-9578-5FEA2639391B}.Debug|Any CPU.ActiveCfg = Debug|Any CPU
		{5255727F-0E2C-4A30-9578-5FEA2639391B}.Debug|Any CPU.Build.0 = Debug|Any CPU
		{5255727F-0E2C-4A30-9578-5FEA2639391B}.Release|Any CPU.ActiveCfg = Release|Any CPU
		{5255727F-0E2C-4A30-9578-5FEA2639391B}.Release|Any CPU.Build.0 = Release|Any CPU
		{20D3FF07-87A4-4CF8-AE7F-F198FA567998}.Debug|Any CPU.ActiveCfg = Debug|Any CPU
		{20D3FF07-87A4-4CF8-AE7F-F198FA567998}.Debug|Any CPU.Build.0 = Debug|Any CPU
		{20D3FF07-87A4-4CF8-AE7F-F198FA567998}.Release|Any CPU.ActiveCfg = Release|Any CPU
		{20D3FF07-87A4-4CF8-AE7F-F198FA567998}.Release|Any CPU.Build.0 = Release|Any CPU
		{68C136A2-4785-4A65-BBF2-D268A98499B3}.Debug|Any CPU.ActiveCfg = Debug|Any CPU
		{68C136A2-4785-4A65-BBF2-D268A98499B3}.Debug|Any CPU.Build.0 = Debug|Any CPU
		{68C136A2-4785-4A65-BBF2-D268A98499B3}.Release|Any CPU.ActiveCfg = Release|Any CPU
		{68C136A2-4785-4A65-BBF2-D268A98499B3}.Release|Any CPU.Build.0 = Release|Any CPU
		{BFF09279-F49F-445B-A4C8-F74C3D3AC566}.Debug|Any CPU.ActiveCfg = Debug|Any CPU
		{BFF09279-F49F-445B-A4C8-F74C3D3AC566}.Debug|Any CPU.Build.0 = Debug|Any CPU
		{BFF09279-F49F-445B-A4C8-F74C3D3AC566}.Release|Any CPU.ActiveCfg = Release|Any CPU
		{BFF09279-F49F-445B-A4C8-F74C3D3AC566}.Release|Any CPU.Build.0 = Release|Any CPU
		{5D6FCBAF-F4B7-4C34-9AB8-B3463BBF7459}.Debug|Any CPU.ActiveCfg = Debug|Any CPU
		{5D6FCBAF-F4B7-4C34-9AB8-B3463BBF7459}.Debug|Any CPU.Build.0 = Debug|Any CPU
		{5D6FCBAF-F4B7-4C34-9AB8-B3463BBF7459}.Release|Any CPU.ActiveCfg = Release|Any CPU
		{5D6FCBAF-F4B7-4C34-9AB8-B3463BBF7459}.Release|Any CPU.Build.0 = Release|Any CPU
		{1E719264-9481-4CC5-AE08-3FEAA34807E7}.Debug|Any CPU.ActiveCfg = Debug|Any CPU
		{1E719264-9481-4CC5-AE08-3FEAA34807E7}.Debug|Any CPU.Build.0 = Debug|Any CPU
		{1E719264-9481-4CC5-AE08-3FEAA34807E7}.Release|Any CPU.ActiveCfg = Release|Any CPU
		{1E719264-9481-4CC5-AE08-3FEAA34807E7}.Release|Any CPU.Build.0 = Release|Any CPU
		{53D2D52A-FA83-41B9-A652-8A53B7C2903D}.Debug|Any CPU.ActiveCfg = Debug|Any CPU
		{53D2D52A-FA83-41B9-A652-8A53B7C2903D}.Debug|Any CPU.Build.0 = Debug|Any CPU
		{53D2D52A-FA83-41B9-A652-8A53B7C2903D}.Release|Any CPU.ActiveCfg = Release|Any CPU
		{53D2D52A-FA83-41B9-A652-8A53B7C2903D}.Release|Any CPU.Build.0 = Release|Any CPU
		{F096FED2-CFC1-4C49-B257-7A866352AD6F}.Debug|Any CPU.ActiveCfg = Debug|Any CPU
		{F096FED2-CFC1-4C49-B257-7A866352AD6F}.Debug|Any CPU.Build.0 = Debug|Any CPU
		{F096FED2-CFC1-4C49-B257-7A866352AD6F}.Release|Any CPU.ActiveCfg = Release|Any CPU
		{F096FED2-CFC1-4C49-B257-7A866352AD6F}.Release|Any CPU.Build.0 = Release|Any CPU
		{C7FFF928-D309-4258-AEE0-C2F31F25A59F}.Debug|Any CPU.ActiveCfg = Debug|Any CPU
		{C7FFF928-D309-4258-AEE0-C2F31F25A59F}.Debug|Any CPU.Build.0 = Debug|Any CPU
		{C7FFF928-D309-4258-AEE0-C2F31F25A59F}.Release|Any CPU.ActiveCfg = Release|Any CPU
		{C7FFF928-D309-4258-AEE0-C2F31F25A59F}.Release|Any CPU.Build.0 = Release|Any CPU
		{C3F1F404-4348-4CC2-A7E7-0D5BD762E585}.Debug|Any CPU.ActiveCfg = Debug|Any CPU
		{C3F1F404-4348-4CC2-A7E7-0D5BD762E585}.Debug|Any CPU.Build.0 = Debug|Any CPU
		{C3F1F404-4348-4CC2-A7E7-0D5BD762E585}.Release|Any CPU.ActiveCfg = Release|Any CPU
		{C3F1F404-4348-4CC2-A7E7-0D5BD762E585}.Release|Any CPU.Build.0 = Release|Any CPU
		{EE0D99D8-8F7D-4E38-BA9C-9E85C91E10BD}.Debug|Any CPU.ActiveCfg = Debug|Any CPU
		{EE0D99D8-8F7D-4E38-BA9C-9E85C91E10BD}.Debug|Any CPU.Build.0 = Debug|Any CPU
		{EE0D99D8-8F7D-4E38-BA9C-9E85C91E10BD}.Release|Any CPU.ActiveCfg = Release|Any CPU
		{EE0D99D8-8F7D-4E38-BA9C-9E85C91E10BD}.Release|Any CPU.Build.0 = Release|Any CPU
		{292489F5-F59B-44C6-95AF-9593BCA0D74B}.Debug|Any CPU.ActiveCfg = Debug|Any CPU
		{292489F5-F59B-44C6-95AF-9593BCA0D74B}.Debug|Any CPU.Build.0 = Debug|Any CPU
		{292489F5-F59B-44C6-95AF-9593BCA0D74B}.Release|Any CPU.ActiveCfg = Release|Any CPU
		{292489F5-F59B-44C6-95AF-9593BCA0D74B}.Release|Any CPU.Build.0 = Release|Any CPU
		{618C4482-C7DF-441C-89CE-2E274C5966F1}.Debug|Any CPU.ActiveCfg = Debug|Any CPU
		{618C4482-C7DF-441C-89CE-2E274C5966F1}.Debug|Any CPU.Build.0 = Debug|Any CPU
		{618C4482-C7DF-441C-89CE-2E274C5966F1}.Release|Any CPU.ActiveCfg = Release|Any CPU
		{618C4482-C7DF-441C-89CE-2E274C5966F1}.Release|Any CPU.Build.0 = Release|Any CPU
		{77006E5A-0427-494A-80E2-5FFA0A9BC7F8}.Debug|Any CPU.ActiveCfg = Debug|Any CPU
		{77006E5A-0427-494A-80E2-5FFA0A9BC7F8}.Debug|Any CPU.Build.0 = Debug|Any CPU
		{77006E5A-0427-494A-80E2-5FFA0A9BC7F8}.Release|Any CPU.ActiveCfg = Release|Any CPU
		{77006E5A-0427-494A-80E2-5FFA0A9BC7F8}.Release|Any CPU.Build.0 = Release|Any CPU
		{C943DEEB-2F64-4D2D-8473-CCB26ADBF2A1}.Debug|Any CPU.ActiveCfg = Debug|Any CPU
		{C943DEEB-2F64-4D2D-8473-CCB26ADBF2A1}.Debug|Any CPU.Build.0 = Debug|Any CPU
		{C943DEEB-2F64-4D2D-8473-CCB26ADBF2A1}.Release|Any CPU.ActiveCfg = Release|Any CPU
		{C943DEEB-2F64-4D2D-8473-CCB26ADBF2A1}.Release|Any CPU.Build.0 = Release|Any CPU
		{4C97042C-BBCE-4A8E-B429-2C4F0DB066EB}.Debug|Any CPU.ActiveCfg = Debug|Any CPU
		{4C97042C-BBCE-4A8E-B429-2C4F0DB066EB}.Debug|Any CPU.Build.0 = Debug|Any CPU
		{4C97042C-BBCE-4A8E-B429-2C4F0DB066EB}.Release|Any CPU.ActiveCfg = Release|Any CPU
		{4C97042C-BBCE-4A8E-B429-2C4F0DB066EB}.Release|Any CPU.Build.0 = Release|Any CPU
		{1E5AA0F0-26FA-464B-9732-0B2689CC1721}.Debug|Any CPU.ActiveCfg = Debug|Any CPU
		{1E5AA0F0-26FA-464B-9732-0B2689CC1721}.Debug|Any CPU.Build.0 = Debug|Any CPU
		{1E5AA0F0-26FA-464B-9732-0B2689CC1721}.Release|Any CPU.ActiveCfg = Release|Any CPU
		{1E5AA0F0-26FA-464B-9732-0B2689CC1721}.Release|Any CPU.Build.0 = Release|Any CPU
		{8B87A027-B06E-4D4A-87AA-6E0A22D775DE}.Debug|Any CPU.ActiveCfg = Debug|Any CPU
		{8B87A027-B06E-4D4A-87AA-6E0A22D775DE}.Debug|Any CPU.Build.0 = Debug|Any CPU
		{8B87A027-B06E-4D4A-87AA-6E0A22D775DE}.Release|Any CPU.ActiveCfg = Release|Any CPU
		{8B87A027-B06E-4D4A-87AA-6E0A22D775DE}.Release|Any CPU.Build.0 = Release|Any CPU
		{61996FFB-E3DD-46EC-BA6A-6D091B9D9E84}.Debug|Any CPU.ActiveCfg = Debug|Any CPU
		{61996FFB-E3DD-46EC-BA6A-6D091B9D9E84}.Debug|Any CPU.Build.0 = Debug|Any CPU
		{61996FFB-E3DD-46EC-BA6A-6D091B9D9E84}.Release|Any CPU.ActiveCfg = Release|Any CPU
		{61996FFB-E3DD-46EC-BA6A-6D091B9D9E84}.Release|Any CPU.Build.0 = Release|Any CPU
		{0A19378F-AC77-4251-A236-B6461E989354}.Debug|Any CPU.ActiveCfg = Debug|Any CPU
		{0A19378F-AC77-4251-A236-B6461E989354}.Debug|Any CPU.Build.0 = Debug|Any CPU
		{0A19378F-AC77-4251-A236-B6461E989354}.Release|Any CPU.ActiveCfg = Release|Any CPU
		{0A19378F-AC77-4251-A236-B6461E989354}.Release|Any CPU.Build.0 = Release|Any CPU
		{425EF5EC-0C42-4BAB-A2ED-99A50D7AF456}.Debug|Any CPU.ActiveCfg = Debug|Any CPU
		{425EF5EC-0C42-4BAB-A2ED-99A50D7AF456}.Debug|Any CPU.Build.0 = Debug|Any CPU
		{425EF5EC-0C42-4BAB-A2ED-99A50D7AF456}.Release|Any CPU.ActiveCfg = Release|Any CPU
		{425EF5EC-0C42-4BAB-A2ED-99A50D7AF456}.Release|Any CPU.Build.0 = Release|Any CPU
		{6D7B8E34-3642-48BE-9035-06FEA259B1A6}.Debug|Any CPU.ActiveCfg = Debug|Any CPU
		{6D7B8E34-3642-48BE-9035-06FEA259B1A6}.Debug|Any CPU.Build.0 = Debug|Any CPU
		{6D7B8E34-3642-48BE-9035-06FEA259B1A6}.Release|Any CPU.ActiveCfg = Release|Any CPU
		{6D7B8E34-3642-48BE-9035-06FEA259B1A6}.Release|Any CPU.Build.0 = Release|Any CPU
		{59767F8E-32DE-47D2-9A08-5CD9DD3300CC}.Debug|Any CPU.ActiveCfg = Debug|Any CPU
		{59767F8E-32DE-47D2-9A08-5CD9DD3300CC}.Debug|Any CPU.Build.0 = Debug|Any CPU
		{59767F8E-32DE-47D2-9A08-5CD9DD3300CC}.Release|Any CPU.ActiveCfg = Release|Any CPU
		{59767F8E-32DE-47D2-9A08-5CD9DD3300CC}.Release|Any CPU.Build.0 = Release|Any CPU
		{D2F0861F-8BDF-4B2C-872A-8DECEABFC9FB}.Debug|Any CPU.ActiveCfg = Debug|Any CPU
		{D2F0861F-8BDF-4B2C-872A-8DECEABFC9FB}.Debug|Any CPU.Build.0 = Debug|Any CPU
		{D2F0861F-8BDF-4B2C-872A-8DECEABFC9FB}.Release|Any CPU.ActiveCfg = Release|Any CPU
		{D2F0861F-8BDF-4B2C-872A-8DECEABFC9FB}.Release|Any CPU.Build.0 = Release|Any CPU
		{7D9A2AEE-1DD2-48A1-A33D-B86DE7CF4B10}.Debug|Any CPU.ActiveCfg = Debug|Any CPU
		{7D9A2AEE-1DD2-48A1-A33D-B86DE7CF4B10}.Debug|Any CPU.Build.0 = Debug|Any CPU
		{7D9A2AEE-1DD2-48A1-A33D-B86DE7CF4B10}.Release|Any CPU.ActiveCfg = Release|Any CPU
		{7D9A2AEE-1DD2-48A1-A33D-B86DE7CF4B10}.Release|Any CPU.Build.0 = Release|Any CPU
		{097EDA0E-3B8A-4FD8-911F-BD57D5478ADC}.Debug|Any CPU.ActiveCfg = Debug|Any CPU
		{097EDA0E-3B8A-4FD8-911F-BD57D5478ADC}.Debug|Any CPU.Build.0 = Debug|Any CPU
		{097EDA0E-3B8A-4FD8-911F-BD57D5478ADC}.Release|Any CPU.ActiveCfg = Release|Any CPU
		{097EDA0E-3B8A-4FD8-911F-BD57D5478ADC}.Release|Any CPU.Build.0 = Release|Any CPU
		{B63B28A7-76FA-409C-A03B-F66CF2DF93AB}.Debug|Any CPU.ActiveCfg = Debug|Any CPU
		{B63B28A7-76FA-409C-A03B-F66CF2DF93AB}.Debug|Any CPU.Build.0 = Debug|Any CPU
		{B63B28A7-76FA-409C-A03B-F66CF2DF93AB}.Release|Any CPU.ActiveCfg = Release|Any CPU
		{B63B28A7-76FA-409C-A03B-F66CF2DF93AB}.Release|Any CPU.Build.0 = Release|Any CPU
		{1B439151-61C4-4056-B13A-6F4ED39EC211}.Debug|Any CPU.ActiveCfg = Debug|Any CPU
		{1B439151-61C4-4056-B13A-6F4ED39EC211}.Debug|Any CPU.Build.0 = Debug|Any CPU
		{1B439151-61C4-4056-B13A-6F4ED39EC211}.Release|Any CPU.ActiveCfg = Release|Any CPU
		{1B439151-61C4-4056-B13A-6F4ED39EC211}.Release|Any CPU.Build.0 = Release|Any CPU
		{C158D17D-CAC0-4491-9AE7-3971D78B2D9D}.Debug|Any CPU.ActiveCfg = Debug|Any CPU
		{C158D17D-CAC0-4491-9AE7-3971D78B2D9D}.Debug|Any CPU.Build.0 = Debug|Any CPU
		{C158D17D-CAC0-4491-9AE7-3971D78B2D9D}.Release|Any CPU.ActiveCfg = Release|Any CPU
		{C158D17D-CAC0-4491-9AE7-3971D78B2D9D}.Release|Any CPU.Build.0 = Release|Any CPU
		{EE4419E1-3B9B-4CD9-81EE-AF7B9F201896}.Debug|Any CPU.ActiveCfg = Debug|Any CPU
		{EE4419E1-3B9B-4CD9-81EE-AF7B9F201896}.Debug|Any CPU.Build.0 = Debug|Any CPU
		{EE4419E1-3B9B-4CD9-81EE-AF7B9F201896}.Release|Any CPU.ActiveCfg = Release|Any CPU
		{EE4419E1-3B9B-4CD9-81EE-AF7B9F201896}.Release|Any CPU.Build.0 = Release|Any CPU
		{000C2A41-A68F-4147-8CD3-4CD568E43D98}.Debug|Any CPU.ActiveCfg = Debug|Any CPU
		{000C2A41-A68F-4147-8CD3-4CD568E43D98}.Debug|Any CPU.Build.0 = Debug|Any CPU
		{000C2A41-A68F-4147-8CD3-4CD568E43D98}.Release|Any CPU.ActiveCfg = Release|Any CPU
		{000C2A41-A68F-4147-8CD3-4CD568E43D98}.Release|Any CPU.Build.0 = Release|Any CPU
		{D3F32F34-D808-4834-91F1-860A36C4D3B8}.Debug|Any CPU.ActiveCfg = Debug|Any CPU
		{D3F32F34-D808-4834-91F1-860A36C4D3B8}.Debug|Any CPU.Build.0 = Debug|Any CPU
		{D3F32F34-D808-4834-91F1-860A36C4D3B8}.Release|Any CPU.ActiveCfg = Release|Any CPU
		{D3F32F34-D808-4834-91F1-860A36C4D3B8}.Release|Any CPU.Build.0 = Release|Any CPU
		{B668CD62-4022-4C31-8DBA-D14E1DBFE7E6}.Debug|Any CPU.ActiveCfg = Debug|Any CPU
		{B668CD62-4022-4C31-8DBA-D14E1DBFE7E6}.Debug|Any CPU.Build.0 = Debug|Any CPU
		{B668CD62-4022-4C31-8DBA-D14E1DBFE7E6}.Release|Any CPU.ActiveCfg = Release|Any CPU
		{B668CD62-4022-4C31-8DBA-D14E1DBFE7E6}.Release|Any CPU.Build.0 = Release|Any CPU
	EndGlobalSection
	GlobalSection(SolutionProperties) = preSolution
		HideSolutionNode = FALSE
	EndGlobalSection
	GlobalSection(ExtensibilityGlobals) = postSolution
		SolutionGuid = {D906E509-226A-494D-94F8-EAE98D8D9548}
	EndGlobalSection
	GlobalSection(NestedProjects) = preSolution
		{E3A49423-7B41-4124-8A60-5AEDF043F998} = {447FDE9A-6AA3-4984-A801-72B07CED2B9F}
		{FA329CCC-183C-4546-8099-09A027535716} = {447FDE9A-6AA3-4984-A801-72B07CED2B9F}
		{102C61B0-AFF3-438C-9961-C10448AD7E36} = {447FDE9A-6AA3-4984-A801-72B07CED2B9F}
		{FFCE0EAB-BD54-413D-A4EF-A19C29380A26} = {C4C22386-4CEF-469B-93FD-2D454558EADC}
		{C102C1AD-7750-4A40-9E8C-852C7E0775C5} = {85E58CBF-580D-4F4E-86D6-A705A09338AE}
		{9CCC92DA-5EE0-4DB2-B80F-43D0D4C342BD} = {85E58CBF-580D-4F4E-86D6-A705A09338AE}
		{F8DCC5A3-DE50-4B90-9C22-EB46A91C9958} = {5992851B-748F-4F47-8D8E-4C2662E998FB}
		{BC22D933-A899-493F-A8CA-84D55CE6DDC9} = {85E58CBF-580D-4F4E-86D6-A705A09338AE}
		{08DC1EEE-9577-451F-ADD1-586F5C0C1CDC} = {85E58CBF-580D-4F4E-86D6-A705A09338AE}
		{4EC4F06E-ACA4-41DA-86F8-4B8E8B9A9EC9} = {85E58CBF-580D-4F4E-86D6-A705A09338AE}
		{7F5CE3E7-975C-4AC8-AC27-A2662876D833} = {85E58CBF-580D-4F4E-86D6-A705A09338AE}
		{2E242FEB-A139-4DFA-B7F6-808FFA94B711} = {B16A40E3-6B66-4CA5-840E-ABEBE071A550}
		{1D7067ED-4D9E-4ACE-9F4D-273C728B2961} = {B16A40E3-6B66-4CA5-840E-ABEBE071A550}
		{8978A9F4-E1A8-4E97-A3CA-5CE74DAB5E4C} = {B16A40E3-6B66-4CA5-840E-ABEBE071A550}
		{6145BDBC-C4C5-4CDA-B47E-8917C23551B5} = {B16A40E3-6B66-4CA5-840E-ABEBE071A550}
		{E113D539-9198-489C-A28E-FEFCFFA331FE} = {B16A40E3-6B66-4CA5-840E-ABEBE071A550}
		{BFF09279-F49F-445B-A4C8-F74C3D3AC566} = {B16A40E3-6B66-4CA5-840E-ABEBE071A550}
		{68C136A2-4785-4A65-BBF2-D268A98499B3} = {B16A40E3-6B66-4CA5-840E-ABEBE071A550}
		{60AD4E08-A5E9-497F-8A68-AD7E3DE80297} = {B16A40E3-6B66-4CA5-840E-ABEBE071A550}
		{BFCE551D-7FFF-4496-9D78-0B585D238ADD} = {56C7F646-940C-4951-85CA-9191FC3DAA47}
		{1E719264-9481-4CC5-AE08-3FEAA34807E7} = {56C7F646-940C-4951-85CA-9191FC3DAA47}
		{113FDAD6-031A-4844-909C-24F04F46B4FD} = {5A5283BC-626B-43B1-BA5E-9A358C7955B2}
		{96B22CB7-9DD7-4437-B104-DE4D4BA33969} = {E5595BFA-0A7A-493B-A85C-977A7ABF8E80}
		{F6A1D4E3-0808-4C03-BDBE-3CA0A274CD48} = {E5595BFA-0A7A-493B-A85C-977A7ABF8E80}
		{FDB5B142-6864-4AA1-80AE-F18E8895D6FD} = {E5595BFA-0A7A-493B-A85C-977A7ABF8E80}
		{F34DBB0B-4FF6-4358-AA69-687C8B2BAA04} = {E5595BFA-0A7A-493B-A85C-977A7ABF8E80}
		{821C4042-70ED-4561-8382-0ACD22BA42E3} = {E5595BFA-0A7A-493B-A85C-977A7ABF8E80}
		{B0A234C3-1917-4A4D-93B4-A76A8A90876B} = {5A5283BC-626B-43B1-BA5E-9A358C7955B2}
		{D92259D0-791D-49B1-B50F-1E63FC403306} = {85E58CBF-580D-4F4E-86D6-A705A09338AE}
		{E4858F6E-8317-44B2-AC14-4CB1AC09F4EA} = {85E58CBF-580D-4F4E-86D6-A705A09338AE}
		{DEC08C8A-7634-49AB-8C1A-599E1306D595} = {85E58CBF-580D-4F4E-86D6-A705A09338AE}
		{87DA489E-0727-41C2-92CE-10F5375C8EF8} = {85E58CBF-580D-4F4E-86D6-A705A09338AE}
		{EC355629-EE69-42BC-BE5D-E7BE024996E4} = {85E58CBF-580D-4F4E-86D6-A705A09338AE}
		{9F70CA73-9572-4ED2-BE87-B17BB93E75DA} = {85E58CBF-580D-4F4E-86D6-A705A09338AE}
		{CFDC9C90-5BDA-4E92-AACC-7701DCEB47B7} = {85E58CBF-580D-4F4E-86D6-A705A09338AE}
		{71D445EA-3779-4997-9C1E-BBE814E89CA9} = {85E58CBF-580D-4F4E-86D6-A705A09338AE}
		{6BD64562-637D-43CD-82C9-215E81AD7ABB} = {85E58CBF-580D-4F4E-86D6-A705A09338AE}
		{401EA903-DC9F-494C-A5B1-EA1D770C9452} = {85E58CBF-580D-4F4E-86D6-A705A09338AE}
		{4AF47361-333E-4B97-ADCF-B121A48C4A9B} = {85E58CBF-580D-4F4E-86D6-A705A09338AE}
		{44A73C6C-194B-46CB-A0AB-D2B0CC214160} = {85E58CBF-580D-4F4E-86D6-A705A09338AE}
		{1E043759-0B9E-4C1A-A16A-6B2455F53507} = {0E41DAA2-4414-4130-A0A6-6D5E22E0F9C3}
		{34282C1D-7D65-4584-AC52-115DA1B37400} = {0E41DAA2-4414-4130-A0A6-6D5E22E0F9C3}
		{210E056A-4EBE-4F85-846F-BA96F5957142} = {0E41DAA2-4414-4130-A0A6-6D5E22E0F9C3}
		{06ED1C4F-99F8-4643-802C-1703B8F93CF0} = {0E41DAA2-4414-4130-A0A6-6D5E22E0F9C3}
		{9B7765BC-1CE4-4B93-8D6B-13D6BE513831} = {0E41DAA2-4414-4130-A0A6-6D5E22E0F9C3}
		{0E8C55A4-B184-4422-AFF6-6A6D08638BDC} = {0E41DAA2-4414-4130-A0A6-6D5E22E0F9C3}
		{53CF54B6-552C-4511-A3DC-4B5321D22E70} = {0E41DAA2-4414-4130-A0A6-6D5E22E0F9C3}
		{29BEDF17-D11D-4BC4-8B4D-D323A06EC754} = {52DC8B05-5B67-4DEA-BA2B-DAC06ED09D2E}
		{643C1848-FC55-4CE2-BF89-281A227B9F66} = {52DC8B05-5B67-4DEA-BA2B-DAC06ED09D2E}
		{C5BEC7DD-D568-4489-835C-4BAF25E01CF4} = {52DC8B05-5B67-4DEA-BA2B-DAC06ED09D2E}
		{64E39B9B-F5A2-4885-A750-1D67652A9E9C} = {52DC8B05-5B67-4DEA-BA2B-DAC06ED09D2E}
		{3EE9F901-8C33-4D75-ABDB-9525AF939796} = {52DC8B05-5B67-4DEA-BA2B-DAC06ED09D2E}
		{0CFA84E6-5FEB-476B-9F62-053B0130E408} = {52DC8B05-5B67-4DEA-BA2B-DAC06ED09D2E}
		{BFCF4971-CA3B-4F07-B7EE-E6EF2F4D415C} = {52DC8B05-5B67-4DEA-BA2B-DAC06ED09D2E}
		{70EDE5DB-3747-4DD8-9405-5F72374DDDF4} = {52DC8B05-5B67-4DEA-BA2B-DAC06ED09D2E}
		{23596DF6-1B7C-4C0E-9628-B9823831AB4C} = {52DC8B05-5B67-4DEA-BA2B-DAC06ED09D2E}
		{28545839-62B8-4527-AD83-E1750DF535B4} = {52DC8B05-5B67-4DEA-BA2B-DAC06ED09D2E}
		{A7B7A509-AA7B-4BC1-9989-40F860EA9592} = {52DC8B05-5B67-4DEA-BA2B-DAC06ED09D2E}
		{274F9483-6346-4F39-864F-F0BDDADDB185} = {52DC8B05-5B67-4DEA-BA2B-DAC06ED09D2E}
		{AAC4A5A4-2FEA-4657-A3F5-9EAA1C83F995} = {52DC8B05-5B67-4DEA-BA2B-DAC06ED09D2E}
		{FA9C19FE-88B0-40A1-87C8-8354521E6AF8} = {54CDC8A7-EB91-4527-A0DA-20F3EA52B3B7}
		{0F34DAE7-E888-4D59-BC0F-0EE88EC361F1} = {54CDC8A7-EB91-4527-A0DA-20F3EA52B3B7}
		{4DD3FB66-6353-4F97-A34E-2E4502EE15B4} = {54CDC8A7-EB91-4527-A0DA-20F3EA52B3B7}
		{F0B72654-13EA-4221-BD53-CA4E83E59E2F} = {54CDC8A7-EB91-4527-A0DA-20F3EA52B3B7}
		{87CC9124-D2E8-4712-AD53-38E9EACC71AD} = {54CDC8A7-EB91-4527-A0DA-20F3EA52B3B7}
		{FBB91487-B700-493F-B26D-36B1CA13B26C} = {54CDC8A7-EB91-4527-A0DA-20F3EA52B3B7}
		{FBBCECD7-E18E-4870-B2F0-05D328A4445A} = {54CDC8A7-EB91-4527-A0DA-20F3EA52B3B7}
		{ED986CCC-88EA-4D92-AF6E-2C7B924EB3FD} = {6F5291A9-C5B0-402B-B3B6-C905A4CC2E58}
		{670B3D2E-8165-495D-ABB1-811DFEB4058D} = {6F5291A9-C5B0-402B-B3B6-C905A4CC2E58}
		{F150D6DA-654C-4363-825E-4BB347847DB8} = {6F5291A9-C5B0-402B-B3B6-C905A4CC2E58}
		{9CD1095C-F069-4D50-B60D-518E15900D6C} = {6F5291A9-C5B0-402B-B3B6-C905A4CC2E58}
		{49E58E29-89B9-4CCD-8595-FC86D7FB89F1} = {6F5291A9-C5B0-402B-B3B6-C905A4CC2E58}
		{CDA3F435-1C47-4918-B9B6-09187C162820} = {6F5291A9-C5B0-402B-B3B6-C905A4CC2E58}
		{296F2C4C-5C91-4D6C-86BF-A87792CD07A4} = {6F5291A9-C5B0-402B-B3B6-C905A4CC2E58}
		{0F407597-DA3E-4D1D-A192-D9255BA2BF35} = {6F5291A9-C5B0-402B-B3B6-C905A4CC2E58}
		{5ADF0E01-EF4A-4EFB-B5E6-B25AFAC362AE} = {6F5291A9-C5B0-402B-B3B6-C905A4CC2E58}
		{87BEB855-689D-4E10-977E-B48915421575} = {6F5291A9-C5B0-402B-B3B6-C905A4CC2E58}
		{546864AD-D30C-4C96-886A-551B7412F09C} = {6F5291A9-C5B0-402B-B3B6-C905A4CC2E58}
		{C964D0EC-2A62-4D58-8996-B870BD09C20B} = {6F5291A9-C5B0-402B-B3B6-C905A4CC2E58}
		{35F009B4-38A7-4DF1-A2D3-3BAE594585B2} = {6F5291A9-C5B0-402B-B3B6-C905A4CC2E58}
		{7707529B-1408-4BC0-A097-2063194BB922} = {6F5291A9-C5B0-402B-B3B6-C905A4CC2E58}
		{966CC26E-316E-45D7-BBEB-8B6DA37C03AF} = {6F5291A9-C5B0-402B-B3B6-C905A4CC2E58}
		{5D6FCBAF-F4B7-4C34-9AB8-B3463BBF7459} = {6F5291A9-C5B0-402B-B3B6-C905A4CC2E58}
		{95493914-F5CA-4183-A1C3-41B1237ACCD5} = {246CAF55-5662-43D7-A6A4-0F3D1D25FD70}
		{51EADB1B-4A08-4440-AB76-F400DF098008} = {246CAF55-5662-43D7-A6A4-0F3D1D25FD70}
		{BD81D4CE-0D0F-459B-B341-3AD8CEA1CA75} = {246CAF55-5662-43D7-A6A4-0F3D1D25FD70}
		{B9760FF1-C256-49BD-A7D2-B7BF421F26EF} = {246CAF55-5662-43D7-A6A4-0F3D1D25FD70}
		{096D7F3E-E91A-4751-BA5D-96C36141D4DC} = {246CAF55-5662-43D7-A6A4-0F3D1D25FD70}
		{4E666C41-B41A-448F-B71D-219E5635FA90} = {246CAF55-5662-43D7-A6A4-0F3D1D25FD70}
		{B5D4794B-0B8D-436A-8183-F9BA03AFE322} = {DCC5E42B-E1BA-4434-93F8-C31842B455AA}
		{5255727F-0E2C-4A30-9578-5FEA2639391B} = {DCC5E42B-E1BA-4434-93F8-C31842B455AA}
		{2274A2B7-BA8F-480B-95D5-5B8561A44B6A} = {DCC5E42B-E1BA-4434-93F8-C31842B455AA}
		{20D3FF07-87A4-4CF8-AE7F-F198FA567998} = {4C6987A6-7847-4CE3-BD6B-5F1AC1B8E798}
		{1D1623DD-A2B0-4B55-8CCC-0CBF040E1829} = {4C6987A6-7847-4CE3-BD6B-5F1AC1B8E798}
		{D04564C4-F218-41F3-8869-702E5886983A} = {4C6987A6-7847-4CE3-BD6B-5F1AC1B8E798}
		{3198D8AA-CBF5-44B7-94B9-EC4B02FA7C80} = {4C6987A6-7847-4CE3-BD6B-5F1AC1B8E798}
		{5B9D81A0-C3FF-4241-AE3C-2D4AFACA45A1} = {4C6987A6-7847-4CE3-BD6B-5F1AC1B8E798}
		{45966AFC-A43D-4D52-BD7B-056CC4016C61} = {4C6987A6-7847-4CE3-BD6B-5F1AC1B8E798}
		{835F3EAF-D8B7-4A06-8EDD-7A755AF9E9E1} = {4C6987A6-7847-4CE3-BD6B-5F1AC1B8E798}
		{5AFBB513-690E-4942-AD82-72DD38BD3F51} = {4C6987A6-7847-4CE3-BD6B-5F1AC1B8E798}
		{18A155F3-859E-46C6-B9F0-B6D143E14696} = {4C6987A6-7847-4CE3-BD6B-5F1AC1B8E798}
		{B4A2C50C-59DC-4EC1-B08C-09BD98CBAA0A} = {4C6987A6-7847-4CE3-BD6B-5F1AC1B8E798}
		{B4F4F600-EDFB-40FC-A369-2F887C16565E} = {3E7A925E-4AE7-47D8-A138-10E66328D9E3}
		{76D584A1-B8E4-4862-8029-051CBDF0AE81} = {3E7A925E-4AE7-47D8-A138-10E66328D9E3}
		{53D2D52A-FA83-41B9-A652-8A53B7C2903D} = {5A5283BC-626B-43B1-BA5E-9A358C7955B2}
		{F096FED2-CFC1-4C49-B257-7A866352AD6F} = {F22307C6-8C52-48AD-B0FA-F43245F95510}
		{C7FFF928-D309-4258-AEE0-C2F31F25A59F} = {B16A40E3-6B66-4CA5-840E-ABEBE071A550}
		{C3F1F404-4348-4CC2-A7E7-0D5BD762E585} = {B16A40E3-6B66-4CA5-840E-ABEBE071A550}
		{EE0D99D8-8F7D-4E38-BA9C-9E85C91E10BD} = {56C7F646-940C-4951-85CA-9191FC3DAA47}
		{292489F5-F59B-44C6-95AF-9593BCA0D74B} = {F22307C6-8C52-48AD-B0FA-F43245F95510}
		{618C4482-C7DF-441C-89CE-2E274C5966F1} = {E5595BFA-0A7A-493B-A85C-977A7ABF8E80}
		{77006E5A-0427-494A-80E2-5FFA0A9BC7F8} = {6F5291A9-C5B0-402B-B3B6-C905A4CC2E58}
		{C943DEEB-2F64-4D2D-8473-CCB26ADBF2A1} = {B16A40E3-6B66-4CA5-840E-ABEBE071A550}
		{4C97042C-BBCE-4A8E-B429-2C4F0DB066EB} = {B16A40E3-6B66-4CA5-840E-ABEBE071A550}
		{1E5AA0F0-26FA-464B-9732-0B2689CC1721} = {F22307C6-8C52-48AD-B0FA-F43245F95510}
		{8B87A027-B06E-4D4A-87AA-6E0A22D775DE} = {E5595BFA-0A7A-493B-A85C-977A7ABF8E80}
		{61996FFB-E3DD-46EC-BA6A-6D091B9D9E84} = {0E41DAA2-4414-4130-A0A6-6D5E22E0F9C3}
		{0A19378F-AC77-4251-A236-B6461E989354} = {B16A40E3-6B66-4CA5-840E-ABEBE071A550}
		{425EF5EC-0C42-4BAB-A2ED-99A50D7AF456} = {56C7F646-940C-4951-85CA-9191FC3DAA47}
		{6D7B8E34-3642-48BE-9035-06FEA259B1A6} = {5A5283BC-626B-43B1-BA5E-9A358C7955B2}
		{59767F8E-32DE-47D2-9A08-5CD9DD3300CC} = {F22307C6-8C52-48AD-B0FA-F43245F95510}
		{D2F0861F-8BDF-4B2C-872A-8DECEABFC9FB} = {4C6987A6-7847-4CE3-BD6B-5F1AC1B8E798}
		{7D9A2AEE-1DD2-48A1-A33D-B86DE7CF4B10} = {6F5291A9-C5B0-402B-B3B6-C905A4CC2E58}
		{097EDA0E-3B8A-4FD8-911F-BD57D5478ADC} = {54CDC8A7-EB91-4527-A0DA-20F3EA52B3B7}
		{B63B28A7-76FA-409C-A03B-F66CF2DF93AB} = {6F5291A9-C5B0-402B-B3B6-C905A4CC2E58}
		{1B439151-61C4-4056-B13A-6F4ED39EC211} = {246CAF55-5662-43D7-A6A4-0F3D1D25FD70}
		{C158D17D-CAC0-4491-9AE7-3971D78B2D9D} = {6F5291A9-C5B0-402B-B3B6-C905A4CC2E58}
		{EE4419E1-3B9B-4CD9-81EE-AF7B9F201896} = {54CDC8A7-EB91-4527-A0DA-20F3EA52B3B7}
		{000C2A41-A68F-4147-8CD3-4CD568E43D98} = {B16A40E3-6B66-4CA5-840E-ABEBE071A550}
		{D3F32F34-D808-4834-91F1-860A36C4D3B8} = {56C7F646-940C-4951-85CA-9191FC3DAA47}
		{B668CD62-4022-4C31-8DBA-D14E1DBFE7E6} = {B16A40E3-6B66-4CA5-840E-ABEBE071A550}
	EndGlobalSection
EndGlobal
