
Microsoft Visual Studio Solution File, Format Version 12.00
# Visual Studio Version 16
VisualStudioVersion = 25.0.1704.3
MinimumVisualStudioVersion = 10.0.40219.1
Project("{FAE04EC0-301F-11D3-BF4B-00C04F79EFBC}") = "Task_4A", "Task_4A\Task_4A.csproj", "{210E056A-4EBE-4F85-846F-BA96F5957142}"
EndProject
Project("{FAE04EC0-301F-11D3-BF4B-00C04F79EFBC}") = "Task_231A", "Task_231A\Task_231A.csproj", "{3EE9F901-8C33-4D75-ABDB-9525AF939796}"
EndProject
Project("{FAE04EC0-301F-11D3-BF4B-00C04F79EFBC}") = "Task_158A", "Task_158A\Task_158A.csproj", "{71D445EA-3779-4997-9C1E-BBE814E89CA9}"
EndProject
Project("{2150E333-8FDC-42A3-9474-1A3956D46DE8}") = "Solution Items", "Solution Items", "{364D87FE-5362-4B69-9D89-4505FD51178F}"
	ProjectSection(SolutionItems) = preProject
		.gitignore = .gitignore
		README.md = README.md
	EndProjectSection
EndProject
Project("{FAE04EC0-301F-11D3-BF4B-00C04F79EFBC}") = "Task_50A", "Task_50A\Task_50A.csproj", "{06ED1C4F-99F8-4643-802C-1703B8F93CF0}"
EndProject
Project("{FAE04EC0-301F-11D3-BF4B-00C04F79EFBC}") = "Task_282A", "Task_282A\Task_282A.csproj", "{AAC4A5A4-2FEA-4657-A3F5-9EAA1C83F995}"
EndProject
Project("{FAE04EC0-301F-11D3-BF4B-00C04F79EFBC}") = "Task_263A", "Task_263A\Task_263A.csproj", "{BFCF4971-CA3B-4F07-B7EE-E6EF2F4D415C}"
EndProject
Project("{FAE04EC0-301F-11D3-BF4B-00C04F79EFBC}") = "Task_112A", "Task_112A\Task_112A.csproj", "{9CCC92DA-5EE0-4DB2-B80F-43D0D4C342BD}"
EndProject
Project("{FAE04EC0-301F-11D3-BF4B-00C04F79EFBC}") = "Task_339A", "Task_339A\Task_339A.csproj", "{F0B72654-13EA-4221-BD53-CA4E83E59E2F}"
EndProject
Project("{FAE04EC0-301F-11D3-BF4B-00C04F79EFBC}") = "Task_281A", "Task_281A\Task_281A.csproj", "{274F9483-6346-4F39-864F-F0BDDADDB185}"
EndProject
Project("{FAE04EC0-301F-11D3-BF4B-00C04F79EFBC}") = "Task_118A", "Task_118A\Task_118A.csproj", "{08DC1EEE-9577-451F-ADD1-586F5C0C1CDC}"
EndProject
Project("{FAE04EC0-301F-11D3-BF4B-00C04F79EFBC}") = "Task_236A", "Task_236A\Task_236A.csproj", "{0CFA84E6-5FEB-476B-9F62-053B0130E408}"
EndProject
Project("{FAE04EC0-301F-11D3-BF4B-00C04F79EFBC}") = "Task_266A", "Task_266A\Task_266A.csproj", "{70EDE5DB-3747-4DD8-9405-5F72374DDDF4}"
EndProject
Project("{FAE04EC0-301F-11D3-BF4B-00C04F79EFBC}") = "Task_791A", "Task_791A\Task_791A.csproj", "{B4A2C50C-59DC-4EC1-B08C-09BD98CBAA0A}"
EndProject
Project("{FAE04EC0-301F-11D3-BF4B-00C04F79EFBC}") = "Task_546A", "Task_546A\Task_546A.csproj", "{BD81D4CE-0D0F-459B-B341-3AD8CEA1CA75}"
EndProject
Project("{FAE04EC0-301F-11D3-BF4B-00C04F79EFBC}") = "Task_617A", "Task_617A\Task_617A.csproj", "{B5D4794B-0B8D-436A-8183-F9BA03AFE322}"
EndProject
Global
	GlobalSection(SolutionConfigurationPlatforms) = preSolution
		Debug|Any CPU = Debug|Any CPU
		Release|Any CPU = Release|Any CPU
	EndGlobalSection
	GlobalSection(ProjectConfigurationPlatforms) = postSolution
		{210E056A-4EBE-4F85-846F-BA96F5957142}.Debug|Any CPU.ActiveCfg = Debug|Any CPU
		{210E056A-4EBE-4F85-846F-BA96F5957142}.Debug|Any CPU.Build.0 = Debug|Any CPU
		{210E056A-4EBE-4F85-846F-BA96F5957142}.Release|Any CPU.ActiveCfg = Release|Any CPU
		{210E056A-4EBE-4F85-846F-BA96F5957142}.Release|Any CPU.Build.0 = Release|Any CPU
		{3EE9F901-8C33-4D75-ABDB-9525AF939796}.Debug|Any CPU.ActiveCfg = Debug|Any CPU
		{3EE9F901-8C33-4D75-ABDB-9525AF939796}.Debug|Any CPU.Build.0 = Debug|Any CPU
		{3EE9F901-8C33-4D75-ABDB-9525AF939796}.Release|Any CPU.ActiveCfg = Release|Any CPU
		{3EE9F901-8C33-4D75-ABDB-9525AF939796}.Release|Any CPU.Build.0 = Release|Any CPU
		{71D445EA-3779-4997-9C1E-BBE814E89CA9}.Debug|Any CPU.ActiveCfg = Debug|Any CPU
		{71D445EA-3779-4997-9C1E-BBE814E89CA9}.Debug|Any CPU.Build.0 = Debug|Any CPU
		{71D445EA-3779-4997-9C1E-BBE814E89CA9}.Release|Any CPU.ActiveCfg = Release|Any CPU
		{71D445EA-3779-4997-9C1E-BBE814E89CA9}.Release|Any CPU.Build.0 = Release|Any CPU
		{06ED1C4F-99F8-4643-802C-1703B8F93CF0}.Debug|Any CPU.ActiveCfg = Debug|Any CPU
		{06ED1C4F-99F8-4643-802C-1703B8F93CF0}.Debug|Any CPU.Build.0 = Debug|Any CPU
		{06ED1C4F-99F8-4643-802C-1703B8F93CF0}.Release|Any CPU.ActiveCfg = Release|Any CPU
		{06ED1C4F-99F8-4643-802C-1703B8F93CF0}.Release|Any CPU.Build.0 = Release|Any CPU
		{AAC4A5A4-2FEA-4657-A3F5-9EAA1C83F995}.Debug|Any CPU.ActiveCfg = Debug|Any CPU
		{AAC4A5A4-2FEA-4657-A3F5-9EAA1C83F995}.Debug|Any CPU.Build.0 = Debug|Any CPU
		{AAC4A5A4-2FEA-4657-A3F5-9EAA1C83F995}.Release|Any CPU.ActiveCfg = Release|Any CPU
		{AAC4A5A4-2FEA-4657-A3F5-9EAA1C83F995}.Release|Any CPU.Build.0 = Release|Any CPU
		{BFCF4971-CA3B-4F07-B7EE-E6EF2F4D415C}.Debug|Any CPU.ActiveCfg = Debug|Any CPU
		{BFCF4971-CA3B-4F07-B7EE-E6EF2F4D415C}.Debug|Any CPU.Build.0 = Debug|Any CPU
		{BFCF4971-CA3B-4F07-B7EE-E6EF2F4D415C}.Release|Any CPU.ActiveCfg = Release|Any CPU
		{BFCF4971-CA3B-4F07-B7EE-E6EF2F4D415C}.Release|Any CPU.Build.0 = Release|Any CPU
		{9CCC92DA-5EE0-4DB2-B80F-43D0D4C342BD}.Debug|Any CPU.ActiveCfg = Debug|Any CPU
		{9CCC92DA-5EE0-4DB2-B80F-43D0D4C342BD}.Debug|Any CPU.Build.0 = Debug|Any CPU
		{9CCC92DA-5EE0-4DB2-B80F-43D0D4C342BD}.Release|Any CPU.ActiveCfg = Release|Any CPU
		{9CCC92DA-5EE0-4DB2-B80F-43D0D4C342BD}.Release|Any CPU.Build.0 = Release|Any CPU
		{F0B72654-13EA-4221-BD53-CA4E83E59E2F}.Debug|Any CPU.ActiveCfg = Debug|Any CPU
		{F0B72654-13EA-4221-BD53-CA4E83E59E2F}.Debug|Any CPU.Build.0 = Debug|Any CPU
		{F0B72654-13EA-4221-BD53-CA4E83E59E2F}.Release|Any CPU.ActiveCfg = Release|Any CPU
		{F0B72654-13EA-4221-BD53-CA4E83E59E2F}.Release|Any CPU.Build.0 = Release|Any CPU
		{274F9483-6346-4F39-864F-F0BDDADDB185}.Debug|Any CPU.ActiveCfg = Debug|Any CPU
		{274F9483-6346-4F39-864F-F0BDDADDB185}.Debug|Any CPU.Build.0 = Debug|Any CPU
		{274F9483-6346-4F39-864F-F0BDDADDB185}.Release|Any CPU.ActiveCfg = Release|Any CPU
		{274F9483-6346-4F39-864F-F0BDDADDB185}.Release|Any CPU.Build.0 = Release|Any CPU
		{08DC1EEE-9577-451F-ADD1-586F5C0C1CDC}.Debug|Any CPU.ActiveCfg = Debug|Any CPU
		{08DC1EEE-9577-451F-ADD1-586F5C0C1CDC}.Debug|Any CPU.Build.0 = Debug|Any CPU
		{08DC1EEE-9577-451F-ADD1-586F5C0C1CDC}.Release|Any CPU.ActiveCfg = Release|Any CPU
		{08DC1EEE-9577-451F-ADD1-586F5C0C1CDC}.Release|Any CPU.Build.0 = Release|Any CPU
		{0CFA84E6-5FEB-476B-9F62-053B0130E408}.Debug|Any CPU.ActiveCfg = Debug|Any CPU
		{0CFA84E6-5FEB-476B-9F62-053B0130E408}.Debug|Any CPU.Build.0 = Debug|Any CPU
		{0CFA84E6-5FEB-476B-9F62-053B0130E408}.Release|Any CPU.ActiveCfg = Release|Any CPU
		{0CFA84E6-5FEB-476B-9F62-053B0130E408}.Release|Any CPU.Build.0 = Release|Any CPU
		{70EDE5DB-3747-4DD8-9405-5F72374DDDF4}.Debug|Any CPU.ActiveCfg = Debug|Any CPU
		{70EDE5DB-3747-4DD8-9405-5F72374DDDF4}.Debug|Any CPU.Build.0 = Debug|Any CPU
		{70EDE5DB-3747-4DD8-9405-5F72374DDDF4}.Release|Any CPU.ActiveCfg = Release|Any CPU
		{70EDE5DB-3747-4DD8-9405-5F72374DDDF4}.Release|Any CPU.Build.0 = Release|Any CPU
		{B4A2C50C-59DC-4EC1-B08C-09BD98CBAA0A}.Debug|Any CPU.ActiveCfg = Debug|Any CPU
		{B4A2C50C-59DC-4EC1-B08C-09BD98CBAA0A}.Debug|Any CPU.Build.0 = Debug|Any CPU
		{B4A2C50C-59DC-4EC1-B08C-09BD98CBAA0A}.Release|Any CPU.ActiveCfg = Release|Any CPU
		{B4A2C50C-59DC-4EC1-B08C-09BD98CBAA0A}.Release|Any CPU.Build.0 = Release|Any CPU
		{BD81D4CE-0D0F-459B-B341-3AD8CEA1CA75}.Debug|Any CPU.ActiveCfg = Debug|Any CPU
		{BD81D4CE-0D0F-459B-B341-3AD8CEA1CA75}.Debug|Any CPU.Build.0 = Debug|Any CPU
		{BD81D4CE-0D0F-459B-B341-3AD8CEA1CA75}.Release|Any CPU.ActiveCfg = Release|Any CPU
		{BD81D4CE-0D0F-459B-B341-3AD8CEA1CA75}.Release|Any CPU.Build.0 = Release|Any CPU
		{B5D4794B-0B8D-436A-8183-F9BA03AFE322}.Debug|Any CPU.ActiveCfg = Debug|Any CPU
		{B5D4794B-0B8D-436A-8183-F9BA03AFE322}.Debug|Any CPU.Build.0 = Debug|Any CPU
		{B5D4794B-0B8D-436A-8183-F9BA03AFE322}.Release|Any CPU.ActiveCfg = Release|Any CPU
		{B5D4794B-0B8D-436A-8183-F9BA03AFE322}.Release|Any CPU.Build.0 = Release|Any CPU
	EndGlobalSection
	GlobalSection(SolutionProperties) = preSolution
		HideSolutionNode = FALSE
	EndGlobalSection
	GlobalSection(ExtensibilityGlobals) = postSolution
		SolutionGuid = {D906E509-226A-494D-94F8-EAE98D8D9548}
	EndGlobalSection
	GlobalSection(NestedProjects) = preSolution
	EndGlobalSection
EndGlobal
